// !$*UTF8*$!
{
	archiveVersion = 1;
	classes = {
	};
	objectVersion = 51;
	objects = {

/* Begin PBXBuildFile section */
		0719588C8D7FC8CD359922A7 /* Pods_TypistUITests.framework in Frameworks */ = {isa = PBXBuildFile; fileRef = 5C351D94462D5AFB61AA936F /* Pods_TypistUITests.framework */; };
		1F0DE872F874473DA3DFBC04 /* Pods_TypistTests.framework in Frameworks */ = {isa = PBXBuildFile; fileRef = 28F26EAA6F2BED80E440C064 /* Pods_TypistTests.framework */; };
		6EF6B291856F96C6ADE78DC7 /* AppDelegate.swift in Sources */ = {isa = PBXBuildFile; fileRef = 6EF6B986BD58037385A13CD0 /* AppDelegate.swift */; };
		6EF6B3AB92FC26EF6EA2A8C3 /* AppSettings.swift in Sources */ = {isa = PBXBuildFile; fileRef = 6EF6B4DE467CAC8DBE93D4D6 /* AppSettings.swift */; };
		6EF6B3D45A7E0C591528643D /* KeyListener.swift in Sources */ = {isa = PBXBuildFile; fileRef = 6EF6BB1230A11180AF838642 /* KeyListener.swift */; };
		6EF6B414DC4ADC8CE67781E0 /* AppUI.swift in Sources */ = {isa = PBXBuildFile; fileRef = 6EF6B307D6AC3C0D05457B79 /* AppUI.swift */; };
		6EF6B57CBE2891C1D64792FA /* RepeatingTimer.swift in Sources */ = {isa = PBXBuildFile; fileRef = 6EF6B8B8CC1AA2789818CA2D /* RepeatingTimer.swift */; };
		6EF6B5EEB1FD683AC1C9F989 /* README.md in Sources */ = {isa = PBXBuildFile; fileRef = 6EF6BAEE227912C1ADA5F03B /* README.md */; };
		6EF6B6517B63B26BF04195F4 /* KeySets.swift in Sources */ = {isa = PBXBuildFile; fileRef = 6EF6B1F2868A8D874B7487D6 /* KeySets.swift */; };
		6EF6B77FF0258BFFF10EF9EB /* System.swift in Sources */ = {isa = PBXBuildFile; fileRef = 6EF6B67994B43EA8D67C6068 /* System.swift */; };
		6EF6B84D1671F5B68875C888 /* Sounds.swift in Sources */ = {isa = PBXBuildFile; fileRef = 6EF6B9E51419CF7F84B0E783 /* Sounds.swift */; };
		6EF6B8FBA86B026650877B2E /* AppPersistence.swift in Sources */ = {isa = PBXBuildFile; fileRef = 6EF6B59C2D29155948D19ED0 /* AppPersistence.swift */; };
		6EF6BB75E59D5CA596CE9AC1 /* NSEventExtension.swift in Sources */ = {isa = PBXBuildFile; fileRef = 6EF6BCB1662C8049440D7965 /* NSEventExtension.swift */; };
		6EF6BBB466B54B4B1E1A5E4D /* Typewriter.swift in Sources */ = {isa = PBXBuildFile; fileRef = 6EF6B36234D56CBA9D7D6FC0 /* Typewriter.swift */; };
		6EF6BBEE457E9F38B3926A06 /* SoundError.swift in Sources */ = {isa = PBXBuildFile; fileRef = 6EF6B38665A653B2213CCC13 /* SoundError.swift */; };
		6EF6BE72231CA9C39A178E5F /* App.swift in Sources */ = {isa = PBXBuildFile; fileRef = 6EF6B01FF4606218D1CEF4DD /* App.swift */; };
		A31D5D25FF674532EB57D72B /* Pods_Typist.framework in Frameworks */ = {isa = PBXBuildFile; fileRef = A40C76F57B24766DAEF7B5BA /* Pods_Typist.framework */; };
		A32E027A21ED7AD4000DB25F /* Typist.xcdatamodeld in Sources */ = {isa = PBXBuildFile; fileRef = A32E027821ED7AD4000DB25F /* Typist.xcdatamodeld */; };
		A32E027C21ED7AD6000DB25F /* Assets.xcassets in Resources */ = {isa = PBXBuildFile; fileRef = A32E027B21ED7AD6000DB25F /* Assets.xcassets */; };
		A32E027F21ED7AD6000DB25F /* Main.storyboard in Resources */ = {isa = PBXBuildFile; fileRef = A32E027D21ED7AD6000DB25F /* Main.storyboard */; };
		A32E028B21ED7AD6000DB25F /* TypistTests.swift in Sources */ = {isa = PBXBuildFile; fileRef = A32E028A21ED7AD6000DB25F /* TypistTests.swift */; };
		A32E029621ED7AD6000DB25F /* TypistUITests.swift in Sources */ = {isa = PBXBuildFile; fileRef = A32E029521ED7AD6000DB25F /* TypistUITests.swift */; };
		A3C92B6023FD15D700D84A6C /* Soundsets in Resources */ = {isa = PBXBuildFile; fileRef = A32E02A721EE9DA7000DB25F /* Soundsets */; };
/* End PBXBuildFile section */

/* Begin PBXContainerItemProxy section */
		A32E028721ED7AD6000DB25F /* PBXContainerItemProxy */ = {
			isa = PBXContainerItemProxy;
			containerPortal = A32E026921ED7AD4000DB25F /* Project object */;
			proxyType = 1;
			remoteGlobalIDString = A32E027021ED7AD4000DB25F;
			remoteInfo = Typist;
		};
		A32E029221ED7AD6000DB25F /* PBXContainerItemProxy */ = {
			isa = PBXContainerItemProxy;
			containerPortal = A32E026921ED7AD4000DB25F /* Project object */;
			proxyType = 1;
			remoteGlobalIDString = A32E027021ED7AD4000DB25F;
			remoteInfo = Typist;
		};
/* End PBXContainerItemProxy section */

/* Begin PBXFileReference section */
		15EEFAAEB0EAF3F8A1F843F9 /* Pods-Typist.debug.xcconfig */ = {isa = PBXFileReference; includeInIndex = 1; lastKnownFileType = text.xcconfig; name = "Pods-Typist.debug.xcconfig"; path = "Target Support Files/Pods-Typist/Pods-Typist.debug.xcconfig"; sourceTree = "<group>"; };
		28F26EAA6F2BED80E440C064 /* Pods_TypistTests.framework */ = {isa = PBXFileReference; explicitFileType = wrapper.framework; includeInIndex = 0; path = Pods_TypistTests.framework; sourceTree = BUILT_PRODUCTS_DIR; };
		3498B66A568E648A13B5A871 /* Pods-Typist.release.xcconfig */ = {isa = PBXFileReference; includeInIndex = 1; lastKnownFileType = text.xcconfig; name = "Pods-Typist.release.xcconfig"; path = "Target Support Files/Pods-Typist/Pods-Typist.release.xcconfig"; sourceTree = "<group>"; };
		3CD39DEFA5A8B85F375F84D3 /* Pods-TypistTests.release.xcconfig */ = {isa = PBXFileReference; includeInIndex = 1; lastKnownFileType = text.xcconfig; name = "Pods-TypistTests.release.xcconfig"; path = "Target Support Files/Pods-TypistTests/Pods-TypistTests.release.xcconfig"; sourceTree = "<group>"; };
		59CAEEC1AE58BFCB7DEEBC62 /* Pods-TypistTests.debug.xcconfig */ = {isa = PBXFileReference; includeInIndex = 1; lastKnownFileType = text.xcconfig; name = "Pods-TypistTests.debug.xcconfig"; path = "Target Support Files/Pods-TypistTests/Pods-TypistTests.debug.xcconfig"; sourceTree = "<group>"; };
		5C351D94462D5AFB61AA936F /* Pods_TypistUITests.framework */ = {isa = PBXFileReference; explicitFileType = wrapper.framework; includeInIndex = 0; path = Pods_TypistUITests.framework; sourceTree = BUILT_PRODUCTS_DIR; };
		6EF6B01FF4606218D1CEF4DD /* App.swift */ = {isa = PBXFileReference; fileEncoding = 4; lastKnownFileType = sourcecode.swift; path = App.swift; sourceTree = "<group>"; };
		6EF6B1F2868A8D874B7487D6 /* KeySets.swift */ = {isa = PBXFileReference; fileEncoding = 4; lastKnownFileType = sourcecode.swift; path = KeySets.swift; sourceTree = "<group>"; };
		6EF6B307D6AC3C0D05457B79 /* AppUI.swift */ = {isa = PBXFileReference; fileEncoding = 4; lastKnownFileType = sourcecode.swift; path = AppUI.swift; sourceTree = "<group>"; };
		6EF6B36234D56CBA9D7D6FC0 /* Typewriter.swift */ = {isa = PBXFileReference; fileEncoding = 4; lastKnownFileType = sourcecode.swift; path = Typewriter.swift; sourceTree = "<group>"; };
		6EF6B38665A653B2213CCC13 /* SoundError.swift */ = {isa = PBXFileReference; fileEncoding = 4; lastKnownFileType = sourcecode.swift; path = SoundError.swift; sourceTree = "<group>"; };
		6EF6B4DE467CAC8DBE93D4D6 /* AppSettings.swift */ = {isa = PBXFileReference; fileEncoding = 4; lastKnownFileType = sourcecode.swift; path = AppSettings.swift; sourceTree = "<group>"; };
		6EF6B59C2D29155948D19ED0 /* AppPersistence.swift */ = {isa = PBXFileReference; fileEncoding = 4; lastKnownFileType = sourcecode.swift; path = AppPersistence.swift; sourceTree = "<group>"; };
		6EF6B67994B43EA8D67C6068 /* System.swift */ = {isa = PBXFileReference; fileEncoding = 4; lastKnownFileType = sourcecode.swift; path = System.swift; sourceTree = "<group>"; };
		6EF6B8B8CC1AA2789818CA2D /* RepeatingTimer.swift */ = {isa = PBXFileReference; fileEncoding = 4; lastKnownFileType = sourcecode.swift; path = RepeatingTimer.swift; sourceTree = "<group>"; };
		6EF6B986BD58037385A13CD0 /* AppDelegate.swift */ = {isa = PBXFileReference; fileEncoding = 4; lastKnownFileType = sourcecode.swift; path = AppDelegate.swift; sourceTree = "<group>"; };
		6EF6B9E51419CF7F84B0E783 /* Sounds.swift */ = {isa = PBXFileReference; fileEncoding = 4; lastKnownFileType = sourcecode.swift; path = Sounds.swift; sourceTree = "<group>"; };
		6EF6BAEE227912C1ADA5F03B /* README.md */ = {isa = PBXFileReference; fileEncoding = 4; lastKnownFileType = net.daringfireball.markdown; path = README.md; sourceTree = "<group>"; };
		6EF6BB1230A11180AF838642 /* KeyListener.swift */ = {isa = PBXFileReference; fileEncoding = 4; lastKnownFileType = sourcecode.swift; path = KeyListener.swift; sourceTree = "<group>"; };
		6EF6BCB1662C8049440D7965 /* NSEventExtension.swift */ = {isa = PBXFileReference; fileEncoding = 4; lastKnownFileType = sourcecode.swift; path = NSEventExtension.swift; sourceTree = "<group>"; };
		7FCD730319214FFC7C53E66F /* Pods-TypistUITests.release.xcconfig */ = {isa = PBXFileReference; includeInIndex = 1; lastKnownFileType = text.xcconfig; name = "Pods-TypistUITests.release.xcconfig"; path = "Target Support Files/Pods-TypistUITests/Pods-TypistUITests.release.xcconfig"; sourceTree = "<group>"; };
		A32E027121ED7AD4000DB25F /* Typist.app */ = {isa = PBXFileReference; explicitFileType = wrapper.application; includeInIndex = 0; path = Typist.app; sourceTree = BUILT_PRODUCTS_DIR; };
		A32E027921ED7AD4000DB25F /* Typist.xcdatamodel */ = {isa = PBXFileReference; lastKnownFileType = wrapper.xcdatamodel; path = Typist.xcdatamodel; sourceTree = "<group>"; };
		A32E027B21ED7AD6000DB25F /* Assets.xcassets */ = {isa = PBXFileReference; lastKnownFileType = folder.assetcatalog; path = Assets.xcassets; sourceTree = "<group>"; };
		A32E027E21ED7AD6000DB25F /* Base */ = {isa = PBXFileReference; lastKnownFileType = file.storyboard; name = Base; path = Base.lproj/Main.storyboard; sourceTree = "<group>"; };
		A32E028021ED7AD6000DB25F /* Info.plist */ = {isa = PBXFileReference; lastKnownFileType = text.plist.xml; path = Info.plist; sourceTree = "<group>"; };
		A32E028121ED7AD6000DB25F /* Typist.entitlements */ = {isa = PBXFileReference; lastKnownFileType = text.plist.entitlements; path = Typist.entitlements; sourceTree = "<group>"; };
		A32E028621ED7AD6000DB25F /* TypistTests.xctest */ = {isa = PBXFileReference; explicitFileType = wrapper.cfbundle; includeInIndex = 0; path = TypistTests.xctest; sourceTree = BUILT_PRODUCTS_DIR; };
		A32E028A21ED7AD6000DB25F /* TypistTests.swift */ = {isa = PBXFileReference; lastKnownFileType = sourcecode.swift; path = TypistTests.swift; sourceTree = "<group>"; };
		A32E028C21ED7AD6000DB25F /* Info.plist */ = {isa = PBXFileReference; lastKnownFileType = text.plist.xml; path = Info.plist; sourceTree = "<group>"; };
		A32E029121ED7AD6000DB25F /* TypistUITests.xctest */ = {isa = PBXFileReference; explicitFileType = wrapper.cfbundle; includeInIndex = 0; path = TypistUITests.xctest; sourceTree = BUILT_PRODUCTS_DIR; };
		A32E029521ED7AD6000DB25F /* TypistUITests.swift */ = {isa = PBXFileReference; lastKnownFileType = sourcecode.swift; path = TypistUITests.swift; sourceTree = "<group>"; };
		A32E029721ED7AD6000DB25F /* Info.plist */ = {isa = PBXFileReference; lastKnownFileType = text.plist.xml; path = Info.plist; sourceTree = "<group>"; };
		A32E02A721EE9DA7000DB25F /* Soundsets */ = {isa = PBXFileReference; lastKnownFileType = folder; name = Soundsets; path = Typist/Soundsets; sourceTree = "<group>"; };
		A40C76F57B24766DAEF7B5BA /* Pods_Typist.framework */ = {isa = PBXFileReference; explicitFileType = wrapper.framework; includeInIndex = 0; path = Pods_Typist.framework; sourceTree = BUILT_PRODUCTS_DIR; };
		DAFBE7D22EAD29E6DA277BA6 /* Pods-TypistUITests.debug.xcconfig */ = {isa = PBXFileReference; includeInIndex = 1; lastKnownFileType = text.xcconfig; name = "Pods-TypistUITests.debug.xcconfig"; path = "Target Support Files/Pods-TypistUITests/Pods-TypistUITests.debug.xcconfig"; sourceTree = "<group>"; };
/* End PBXFileReference section */

/* Begin PBXFrameworksBuildPhase section */
		A32E026E21ED7AD4000DB25F /* Frameworks */ = {
			isa = PBXFrameworksBuildPhase;
			buildActionMask = 2147483647;
			files = (
				A31D5D25FF674532EB57D72B /* Pods_Typist.framework in Frameworks */,
			);
			runOnlyForDeploymentPostprocessing = 0;
		};
		A32E028321ED7AD6000DB25F /* Frameworks */ = {
			isa = PBXFrameworksBuildPhase;
			buildActionMask = 2147483647;
			files = (
				1F0DE872F874473DA3DFBC04 /* Pods_TypistTests.framework in Frameworks */,
			);
			runOnlyForDeploymentPostprocessing = 0;
		};
		A32E028E21ED7AD6000DB25F /* Frameworks */ = {
			isa = PBXFrameworksBuildPhase;
			buildActionMask = 2147483647;
			files = (
				0719588C8D7FC8CD359922A7 /* Pods_TypistUITests.framework in Frameworks */,
			);
			runOnlyForDeploymentPostprocessing = 0;
		};
/* End PBXFrameworksBuildPhase section */

/* Begin PBXGroup section */
		6EF6B1285DCCB6B5CCCB0219 /* SwiftTools */ = {
			isa = PBXGroup;
			children = (
				6EF6B8B8CC1AA2789818CA2D /* RepeatingTimer.swift */,
				6EF6B67994B43EA8D67C6068 /* System.swift */,
				6EF6BCB1662C8049440D7965 /* NSEventExtension.swift */,
			);
			path = SwiftTools;
			sourceTree = "<group>";
		};
		6EF6B23B9594B67CDF1A8088 /* SoundUI */ = {
			isa = PBXGroup;
			children = (
				6EF6B9E51419CF7F84B0E783 /* Sounds.swift */,
			);
			path = SoundUI;
			sourceTree = "<group>";
		};
		6EF6B2FBD67EDD951E8C5A72 /* KeyLogic */ = {
			isa = PBXGroup;
			children = (
				6EF6BB1230A11180AF838642 /* KeyListener.swift */,
				6EF6B1F2868A8D874B7487D6 /* KeySets.swift */,
			);
			path = KeyLogic;
			sourceTree = "<group>";
		};
		6EF6B51F2A121EB7CAA2A576 /* App */ = {
			isa = PBXGroup;
			children = (
				6EF6B01FF4606218D1CEF4DD /* App.swift */,
				6EF6B986BD58037385A13CD0 /* AppDelegate.swift */,
				6EF6B59C2D29155948D19ED0 /* AppPersistence.swift */,
				6EF6B307D6AC3C0D05457B79 /* AppUI.swift */,
				6EF6B4DE467CAC8DBE93D4D6 /* AppSettings.swift */,
			);
			path = App;
			sourceTree = "<group>";
		};
		6EF6B660AE9CAB559B1A8A7B /* Errors */ = {
			isa = PBXGroup;
			children = (
				6EF6B38665A653B2213CCC13 /* SoundError.swift */,
			);
			path = Errors;
			sourceTree = "<group>";
		};
		6EF6BDB1563D6F2D8209F237 /* TypeWriter */ = {
			isa = PBXGroup;
			children = (
				6EF6B36234D56CBA9D7D6FC0 /* Typewriter.swift */,
			);
			path = TypeWriter;
			sourceTree = "<group>";
		};
		A32E026821ED7AD4000DB25F = {
			isa = PBXGroup;
			children = (
				A32E02A721EE9DA7000DB25F /* Soundsets */,
				A32E027321ED7AD4000DB25F /* Typist */,
				A32E028921ED7AD6000DB25F /* TypistTests */,
				A32E029421ED7AD6000DB25F /* TypistUITests */,
				A32E027221ED7AD4000DB25F /* Products */,
				A9AC5CCFF9BA36E17FC84111 /* Pods */,
				FE24B746C764B435610B65A6 /* Frameworks */,
				6EF6BAEE227912C1ADA5F03B /* README.md */,
			);
			sourceTree = "<group>";
		};
		A32E027221ED7AD4000DB25F /* Products */ = {
			isa = PBXGroup;
			children = (
				A32E027121ED7AD4000DB25F /* Typist.app */,
				A32E028621ED7AD6000DB25F /* TypistTests.xctest */,
				A32E029121ED7AD6000DB25F /* TypistUITests.xctest */,
			);
			name = Products;
			sourceTree = "<group>";
		};
		A32E027321ED7AD4000DB25F /* Typist */ = {
			isa = PBXGroup;
			children = (
				A32E027B21ED7AD6000DB25F /* Assets.xcassets */,
				A32E027D21ED7AD6000DB25F /* Main.storyboard */,
				A32E028021ED7AD6000DB25F /* Info.plist */,
				A32E028121ED7AD6000DB25F /* Typist.entitlements */,
				A32E027821ED7AD4000DB25F /* Typist.xcdatamodeld */,
				6EF6B51F2A121EB7CAA2A576 /* App */,
				6EF6B23B9594B67CDF1A8088 /* SoundUI */,
				6EF6BDB1563D6F2D8209F237 /* TypeWriter */,
				6EF6B2FBD67EDD951E8C5A72 /* KeyLogic */,
				6EF6B660AE9CAB559B1A8A7B /* Errors */,
				6EF6B1285DCCB6B5CCCB0219 /* SwiftTools */,
			);
			path = Typist;
			sourceTree = "<group>";
		};
		A32E028921ED7AD6000DB25F /* TypistTests */ = {
			isa = PBXGroup;
			children = (
				A32E028A21ED7AD6000DB25F /* TypistTests.swift */,
				A32E028C21ED7AD6000DB25F /* Info.plist */,
			);
			path = TypistTests;
			sourceTree = "<group>";
		};
		A32E029421ED7AD6000DB25F /* TypistUITests */ = {
			isa = PBXGroup;
			children = (
				A32E029521ED7AD6000DB25F /* TypistUITests.swift */,
				A32E029721ED7AD6000DB25F /* Info.plist */,
			);
			path = TypistUITests;
			sourceTree = "<group>";
		};
		A9AC5CCFF9BA36E17FC84111 /* Pods */ = {
			isa = PBXGroup;
			children = (
				15EEFAAEB0EAF3F8A1F843F9 /* Pods-Typist.debug.xcconfig */,
				3498B66A568E648A13B5A871 /* Pods-Typist.release.xcconfig */,
				59CAEEC1AE58BFCB7DEEBC62 /* Pods-TypistTests.debug.xcconfig */,
				3CD39DEFA5A8B85F375F84D3 /* Pods-TypistTests.release.xcconfig */,
				DAFBE7D22EAD29E6DA277BA6 /* Pods-TypistUITests.debug.xcconfig */,
				7FCD730319214FFC7C53E66F /* Pods-TypistUITests.release.xcconfig */,
			);
			path = Pods;
			sourceTree = "<group>";
		};
		FE24B746C764B435610B65A6 /* Frameworks */ = {
			isa = PBXGroup;
			children = (
				A40C76F57B24766DAEF7B5BA /* Pods_Typist.framework */,
				28F26EAA6F2BED80E440C064 /* Pods_TypistTests.framework */,
				5C351D94462D5AFB61AA936F /* Pods_TypistUITests.framework */,
			);
			name = Frameworks;
			sourceTree = "<group>";
		};
/* End PBXGroup section */

/* Begin PBXNativeTarget section */
		A32E027021ED7AD4000DB25F /* Typist */ = {
			isa = PBXNativeTarget;
			buildConfigurationList = A32E029A21ED7AD6000DB25F /* Build configuration list for PBXNativeTarget "Typist" */;
			buildPhases = (
				D73BB9F4798021305BB5EF0E /* [CP] Check Pods Manifest.lock */,
				A32E026D21ED7AD4000DB25F /* Sources */,
				A32E026E21ED7AD4000DB25F /* Frameworks */,
				A32E026F21ED7AD4000DB25F /* Resources */,
				14F8ADA64F9E2BFB5A851D9A /* [CP] Embed Pods Frameworks */,
			);
			buildRules = (
			);
			dependencies = (
			);
			name = Typist;
			productName = Typist;
			productReference = A32E027121ED7AD4000DB25F /* Typist.app */;
			productType = "com.apple.product-type.application";
		};
		A32E028521ED7AD6000DB25F /* TypistTests */ = {
			isa = PBXNativeTarget;
			buildConfigurationList = A32E029D21ED7AD6000DB25F /* Build configuration list for PBXNativeTarget "TypistTests" */;
			buildPhases = (
				E4AB354748DBE3E74C7D200F /* [CP] Check Pods Manifest.lock */,
				A32E028221ED7AD6000DB25F /* Sources */,
				A32E028321ED7AD6000DB25F /* Frameworks */,
				A32E028421ED7AD6000DB25F /* Resources */,
			);
			buildRules = (
			);
			dependencies = (
				A32E028821ED7AD6000DB25F /* PBXTargetDependency */,
			);
			name = TypistTests;
			productName = TypistTests;
			productReference = A32E028621ED7AD6000DB25F /* TypistTests.xctest */;
			productType = "com.apple.product-type.bundle.unit-test";
		};
		A32E029021ED7AD6000DB25F /* TypistUITests */ = {
			isa = PBXNativeTarget;
			buildConfigurationList = A32E02A021ED7AD6000DB25F /* Build configuration list for PBXNativeTarget "TypistUITests" */;
			buildPhases = (
				4AD3FD443A087D6502A3CB0F /* [CP] Check Pods Manifest.lock */,
				A32E028D21ED7AD6000DB25F /* Sources */,
				A32E028E21ED7AD6000DB25F /* Frameworks */,
				A32E028F21ED7AD6000DB25F /* Resources */,
			);
			buildRules = (
			);
			dependencies = (
				A32E029321ED7AD6000DB25F /* PBXTargetDependency */,
			);
			name = TypistUITests;
			productName = TypistUITests;
			productReference = A32E029121ED7AD6000DB25F /* TypistUITests.xctest */;
			productType = "com.apple.product-type.bundle.ui-testing";
		};
/* End PBXNativeTarget section */

/* Begin PBXProject section */
		A32E026921ED7AD4000DB25F /* Project object */ = {
			isa = PBXProject;
			attributes = {
				KnownAssetTags = (
					New,
				);
				LastSwiftUpdateCheck = 1010;
				LastUpgradeCheck = 1020;
				ORGANIZATIONNAME = wickedPropeller;
				TargetAttributes = {
					A32E027021ED7AD4000DB25F = {
						CreatedOnToolsVersion = 10.1;
						LastSwiftMigration = 1020;
						SystemCapabilities = {
							com.apple.ApplicationGroups.Mac = {
								enabled = 0;
							};
							com.apple.HardenedRuntime = {
								enabled = 1;
							};
							com.apple.Keychain = {
								enabled = 1;
							};
							com.apple.Sandbox = {
								enabled = 1;
							};
						};
					};
					A32E028521ED7AD6000DB25F = {
						CreatedOnToolsVersion = 10.1;
						TestTargetID = A32E027021ED7AD4000DB25F;
					};
					A32E029021ED7AD6000DB25F = {
						CreatedOnToolsVersion = 10.1;
						TestTargetID = A32E027021ED7AD4000DB25F;
					};
				};
			};
			buildConfigurationList = A32E026C21ED7AD4000DB25F /* Build configuration list for PBXProject "Typist" */;
			compatibilityVersion = "Xcode 10.0";
			developmentRegion = en;
			hasScannedForEncodings = 0;
			knownRegions = (
				en,
				Base,
			);
			mainGroup = A32E026821ED7AD4000DB25F;
			productRefGroup = A32E027221ED7AD4000DB25F /* Products */;
			projectDirPath = "";
			projectRoot = "";
			targets = (
				A32E027021ED7AD4000DB25F /* Typist */,
				A32E028521ED7AD6000DB25F /* TypistTests */,
				A32E029021ED7AD6000DB25F /* TypistUITests */,
			);
		};
/* End PBXProject section */

/* Begin PBXResourcesBuildPhase section */
		A32E026F21ED7AD4000DB25F /* Resources */ = {
			isa = PBXResourcesBuildPhase;
			buildActionMask = 2147483647;
			files = (
				A3C92B6023FD15D700D84A6C /* Soundsets in Resources */,
				A32E027C21ED7AD6000DB25F /* Assets.xcassets in Resources */,
				A32E027F21ED7AD6000DB25F /* Main.storyboard in Resources */,
			);
			runOnlyForDeploymentPostprocessing = 0;
		};
		A32E028421ED7AD6000DB25F /* Resources */ = {
			isa = PBXResourcesBuildPhase;
			buildActionMask = 2147483647;
			files = (
			);
			runOnlyForDeploymentPostprocessing = 0;
		};
		A32E028F21ED7AD6000DB25F /* Resources */ = {
			isa = PBXResourcesBuildPhase;
			buildActionMask = 2147483647;
			files = (
			);
			runOnlyForDeploymentPostprocessing = 0;
		};
/* End PBXResourcesBuildPhase section */

/* Begin PBXShellScriptBuildPhase section */
		14F8ADA64F9E2BFB5A851D9A /* [CP] Embed Pods Frameworks */ = {
			isa = PBXShellScriptBuildPhase;
			buildActionMask = 2147483647;
			files = (
			);
			inputFileListPaths = (
				"${PODS_ROOT}/Target Support Files/Pods-Typist/Pods-Typist-frameworks-${CONFIGURATION}-input-files.xcfilelist",
			);
			name = "[CP] Embed Pods Frameworks";
			outputFileListPaths = (
				"${PODS_ROOT}/Target Support Files/Pods-Typist/Pods-Typist-frameworks-${CONFIGURATION}-output-files.xcfilelist",
			);
			runOnlyForDeploymentPostprocessing = 0;
			shellPath = /bin/sh;
			shellScript = "\"${PODS_ROOT}/Target Support Files/Pods-Typist/Pods-Typist-frameworks.sh\"\n";
			showEnvVarsInLog = 0;
		};
		4AD3FD443A087D6502A3CB0F /* [CP] Check Pods Manifest.lock */ = {
			isa = PBXShellScriptBuildPhase;
			buildActionMask = 2147483647;
			files = (
			);
			inputFileListPaths = (
			);
			inputPaths = (
				"${PODS_PODFILE_DIR_PATH}/Podfile.lock",
				"${PODS_ROOT}/Manifest.lock",
			);
			name = "[CP] Check Pods Manifest.lock";
			outputFileListPaths = (
			);
			outputPaths = (
				"$(DERIVED_FILE_DIR)/Pods-TypistUITests-checkManifestLockResult.txt",
			);
			runOnlyForDeploymentPostprocessing = 0;
			shellPath = /bin/sh;
			shellScript = "diff \"${PODS_PODFILE_DIR_PATH}/Podfile.lock\" \"${PODS_ROOT}/Manifest.lock\" > /dev/null\nif [ $? != 0 ] ; then\n    # print error to STDERR\n    echo \"error: The sandbox is not in sync with the Podfile.lock. Run 'pod install' or update your CocoaPods installation.\" >&2\n    exit 1\nfi\n# This output is used by Xcode 'outputs' to avoid re-running this script phase.\necho \"SUCCESS\" > \"${SCRIPT_OUTPUT_FILE_0}\"\n";
			showEnvVarsInLog = 0;
		};
		D73BB9F4798021305BB5EF0E /* [CP] Check Pods Manifest.lock */ = {
			isa = PBXShellScriptBuildPhase;
			buildActionMask = 2147483647;
			files = (
			);
			inputFileListPaths = (
			);
			inputPaths = (
				"${PODS_PODFILE_DIR_PATH}/Podfile.lock",
				"${PODS_ROOT}/Manifest.lock",
			);
			name = "[CP] Check Pods Manifest.lock";
			outputFileListPaths = (
			);
			outputPaths = (
				"$(DERIVED_FILE_DIR)/Pods-Typist-checkManifestLockResult.txt",
			);
			runOnlyForDeploymentPostprocessing = 0;
			shellPath = /bin/sh;
			shellScript = "diff \"${PODS_PODFILE_DIR_PATH}/Podfile.lock\" \"${PODS_ROOT}/Manifest.lock\" > /dev/null\nif [ $? != 0 ] ; then\n    # print error to STDERR\n    echo \"error: The sandbox is not in sync with the Podfile.lock. Run 'pod install' or update your CocoaPods installation.\" >&2\n    exit 1\nfi\n# This output is used by Xcode 'outputs' to avoid re-running this script phase.\necho \"SUCCESS\" > \"${SCRIPT_OUTPUT_FILE_0}\"\n";
			showEnvVarsInLog = 0;
		};
		E4AB354748DBE3E74C7D200F /* [CP] Check Pods Manifest.lock */ = {
			isa = PBXShellScriptBuildPhase;
			buildActionMask = 2147483647;
			files = (
			);
			inputFileListPaths = (
			);
			inputPaths = (
				"${PODS_PODFILE_DIR_PATH}/Podfile.lock",
				"${PODS_ROOT}/Manifest.lock",
			);
			name = "[CP] Check Pods Manifest.lock";
			outputFileListPaths = (
			);
			outputPaths = (
				"$(DERIVED_FILE_DIR)/Pods-TypistTests-checkManifestLockResult.txt",
			);
			runOnlyForDeploymentPostprocessing = 0;
			shellPath = /bin/sh;
			shellScript = "diff \"${PODS_PODFILE_DIR_PATH}/Podfile.lock\" \"${PODS_ROOT}/Manifest.lock\" > /dev/null\nif [ $? != 0 ] ; then\n    # print error to STDERR\n    echo \"error: The sandbox is not in sync with the Podfile.lock. Run 'pod install' or update your CocoaPods installation.\" >&2\n    exit 1\nfi\n# This output is used by Xcode 'outputs' to avoid re-running this script phase.\necho \"SUCCESS\" > \"${SCRIPT_OUTPUT_FILE_0}\"\n";
			showEnvVarsInLog = 0;
		};
/* End PBXShellScriptBuildPhase section */

/* Begin PBXSourcesBuildPhase section */
		A32E026D21ED7AD4000DB25F /* Sources */ = {
			isa = PBXSourcesBuildPhase;
			buildActionMask = 2147483647;
			files = (
				A32E027A21ED7AD4000DB25F /* Typist.xcdatamodeld in Sources */,
				6EF6B5EEB1FD683AC1C9F989 /* README.md in Sources */,
				6EF6BE72231CA9C39A178E5F /* App.swift in Sources */,
				6EF6B291856F96C6ADE78DC7 /* AppDelegate.swift in Sources */,
				6EF6B8FBA86B026650877B2E /* AppPersistence.swift in Sources */,
				6EF6B414DC4ADC8CE67781E0 /* AppUI.swift in Sources */,
				6EF6B84D1671F5B68875C888 /* Sounds.swift in Sources */,
				6EF6BBB466B54B4B1E1A5E4D /* Typewriter.swift in Sources */,
				6EF6B3D45A7E0C591528643D /* KeyListener.swift in Sources */,
				6EF6B6517B63B26BF04195F4 /* KeySets.swift in Sources */,
				6EF6BBEE457E9F38B3926A06 /* SoundError.swift in Sources */,
				6EF6B3AB92FC26EF6EA2A8C3 /* AppSettings.swift in Sources */,
				6EF6B57CBE2891C1D64792FA /* RepeatingTimer.swift in Sources */,
				6EF6B77FF0258BFFF10EF9EB /* System.swift in Sources */,
				6EF6BB75E59D5CA596CE9AC1 /* NSEventExtension.swift in Sources */,
			);
			runOnlyForDeploymentPostprocessing = 0;
		};
		A32E028221ED7AD6000DB25F /* Sources */ = {
			isa = PBXSourcesBuildPhase;
			buildActionMask = 2147483647;
			files = (
				A32E028B21ED7AD6000DB25F /* TypistTests.swift in Sources */,
			);
			runOnlyForDeploymentPostprocessing = 0;
		};
		A32E028D21ED7AD6000DB25F /* Sources */ = {
			isa = PBXSourcesBuildPhase;
			buildActionMask = 2147483647;
			files = (
				A32E029621ED7AD6000DB25F /* TypistUITests.swift in Sources */,
			);
			runOnlyForDeploymentPostprocessing = 0;
		};
/* End PBXSourcesBuildPhase section */

/* Begin PBXTargetDependency section */
		A32E028821ED7AD6000DB25F /* PBXTargetDependency */ = {
			isa = PBXTargetDependency;
			target = A32E027021ED7AD4000DB25F /* Typist */;
			targetProxy = A32E028721ED7AD6000DB25F /* PBXContainerItemProxy */;
		};
		A32E029321ED7AD6000DB25F /* PBXTargetDependency */ = {
			isa = PBXTargetDependency;
			target = A32E027021ED7AD4000DB25F /* Typist */;
			targetProxy = A32E029221ED7AD6000DB25F /* PBXContainerItemProxy */;
		};
/* End PBXTargetDependency section */

/* Begin PBXVariantGroup section */
		A32E027D21ED7AD6000DB25F /* Main.storyboard */ = {
			isa = PBXVariantGroup;
			children = (
				A32E027E21ED7AD6000DB25F /* Base */,
			);
			name = Main.storyboard;
			sourceTree = "<group>";
		};
/* End PBXVariantGroup section */

/* Begin XCBuildConfiguration section */
		A32E029821ED7AD6000DB25F /* Debug */ = {
			isa = XCBuildConfiguration;
			buildSettings = {
				ALWAYS_SEARCH_USER_PATHS = YES;
				CLANG_ANALYZER_NONNULL = YES;
				CLANG_ANALYZER_NUMBER_OBJECT_CONVERSION = YES_AGGRESSIVE;
				CLANG_CXX_LANGUAGE_STANDARD = "gnu++17";
				CLANG_CXX_LIBRARY = "compiler-default";
				CLANG_ENABLE_MODULES = YES;
				CLANG_ENABLE_OBJC_ARC = YES;
				CLANG_ENABLE_OBJC_WEAK = YES;
				CLANG_WARN_BLOCK_CAPTURE_AUTORELEASING = YES;
				CLANG_WARN_BOOL_CONVERSION = YES;
				CLANG_WARN_COMMA = YES;
				CLANG_WARN_CONSTANT_CONVERSION = YES;
				CLANG_WARN_DEPRECATED_OBJC_IMPLEMENTATIONS = YES;
				CLANG_WARN_DIRECT_OBJC_ISA_USAGE = YES_ERROR;
				CLANG_WARN_DOCUMENTATION_COMMENTS = YES;
				CLANG_WARN_EMPTY_BODY = YES;
				CLANG_WARN_ENUM_CONVERSION = YES;
				CLANG_WARN_INFINITE_RECURSION = YES;
				CLANG_WARN_INT_CONVERSION = YES;
				CLANG_WARN_NON_LITERAL_NULL_CONVERSION = YES;
				CLANG_WARN_OBJC_IMPLICIT_RETAIN_SELF = YES;
				CLANG_WARN_OBJC_LITERAL_CONVERSION = YES;
				CLANG_WARN_OBJC_ROOT_CLASS = YES_ERROR;
				CLANG_WARN_RANGE_LOOP_ANALYSIS = YES;
				CLANG_WARN_STRICT_PROTOTYPES = YES;
				CLANG_WARN_SUSPICIOUS_MOVE = YES;
				CLANG_WARN_UNGUARDED_AVAILABILITY = YES_AGGRESSIVE;
				CLANG_WARN_UNREACHABLE_CODE = YES;
				CLANG_WARN__DUPLICATE_METHOD_MATCH = YES;
				CODE_SIGN_IDENTITY = "Mac Developer";
				COPY_PHASE_STRIP = NO;
				DEBUG_INFORMATION_FORMAT = dwarf;
				ENABLE_NS_ASSERTIONS = YES;
				ENABLE_STRICT_OBJC_MSGSEND = YES;
				ENABLE_TESTABILITY = YES;
				GCC_C_LANGUAGE_STANDARD = "compiler-default";
				GCC_DYNAMIC_NO_PIC = YES;
				GCC_NO_COMMON_BLOCKS = YES;
				GCC_OPTIMIZATION_LEVEL = 0;
				GCC_PREPROCESSOR_DEFINITIONS = (
					"DEBUG=1",
					"$(inherited)",
				);
				GCC_WARN_64_TO_32_BIT_CONVERSION = YES;
				GCC_WARN_ABOUT_RETURN_TYPE = YES_ERROR;
				GCC_WARN_UNDECLARED_SELECTOR = YES;
				GCC_WARN_UNINITIALIZED_AUTOS = YES_AGGRESSIVE;
				GCC_WARN_UNUSED_FUNCTION = YES;
				GCC_WARN_UNUSED_VARIABLE = YES;
				MACOSX_DEPLOYMENT_TARGET = 10.13;
				MTL_ENABLE_DEBUG_INFO = INCLUDE_SOURCE;
				MTL_FAST_MATH = YES;
				ONLY_ACTIVE_ARCH = YES;
				SDKROOT = macosx;
				SWIFT_ACTIVE_COMPILATION_CONDITIONS = DEBUG;
				SWIFT_COMPILATION_MODE = singlefile;
				SWIFT_OPTIMIZATION_LEVEL = "-Onone";
			};
			name = Debug;
		};
		A32E029921ED7AD6000DB25F /* Release */ = {
			isa = XCBuildConfiguration;
			buildSettings = {
				ALWAYS_SEARCH_USER_PATHS = YES;
				CLANG_ANALYZER_NONNULL = YES;
				CLANG_ANALYZER_NUMBER_OBJECT_CONVERSION = YES_AGGRESSIVE;
				CLANG_CXX_LANGUAGE_STANDARD = "gnu++17";
				CLANG_CXX_LIBRARY = "compiler-default";
				CLANG_ENABLE_MODULES = YES;
				CLANG_ENABLE_OBJC_ARC = YES;
				CLANG_ENABLE_OBJC_WEAK = YES;
				CLANG_WARN_BLOCK_CAPTURE_AUTORELEASING = YES;
				CLANG_WARN_BOOL_CONVERSION = YES;
				CLANG_WARN_COMMA = YES;
				CLANG_WARN_CONSTANT_CONVERSION = YES;
				CLANG_WARN_DEPRECATED_OBJC_IMPLEMENTATIONS = YES;
				CLANG_WARN_DIRECT_OBJC_ISA_USAGE = YES_ERROR;
				CLANG_WARN_DOCUMENTATION_COMMENTS = YES;
				CLANG_WARN_EMPTY_BODY = YES;
				CLANG_WARN_ENUM_CONVERSION = YES;
				CLANG_WARN_INFINITE_RECURSION = YES;
				CLANG_WARN_INT_CONVERSION = YES;
				CLANG_WARN_NON_LITERAL_NULL_CONVERSION = YES;
				CLANG_WARN_OBJC_IMPLICIT_RETAIN_SELF = YES;
				CLANG_WARN_OBJC_LITERAL_CONVERSION = YES;
				CLANG_WARN_OBJC_ROOT_CLASS = YES_ERROR;
				CLANG_WARN_RANGE_LOOP_ANALYSIS = YES;
				CLANG_WARN_STRICT_PROTOTYPES = YES;
				CLANG_WARN_SUSPICIOUS_MOVE = YES;
				CLANG_WARN_UNGUARDED_AVAILABILITY = YES_AGGRESSIVE;
				CLANG_WARN_UNREACHABLE_CODE = YES;
				CLANG_WARN__DUPLICATE_METHOD_MATCH = YES;
				CODE_SIGN_IDENTITY = "Mac Developer";
				COPY_PHASE_STRIP = YES;
				DEBUG_INFORMATION_FORMAT = "dwarf-with-dsym";
				ENABLE_NS_ASSERTIONS = YES;
				ENABLE_STRICT_OBJC_MSGSEND = YES;
				ENABLE_TESTABILITY = YES;
				GCC_C_LANGUAGE_STANDARD = "compiler-default";
				GCC_DYNAMIC_NO_PIC = YES;
				GCC_NO_COMMON_BLOCKS = YES;
				GCC_OPTIMIZATION_LEVEL = fast;
				GCC_WARN_64_TO_32_BIT_CONVERSION = YES;
				GCC_WARN_ABOUT_RETURN_TYPE = YES_ERROR;
				GCC_WARN_UNDECLARED_SELECTOR = YES;
				GCC_WARN_UNINITIALIZED_AUTOS = YES_AGGRESSIVE;
				GCC_WARN_UNUSED_FUNCTION = YES;
				GCC_WARN_UNUSED_VARIABLE = YES;
				MACOSX_DEPLOYMENT_TARGET = 10.13;
				MTL_ENABLE_DEBUG_INFO = NO;
				MTL_FAST_MATH = YES;
				ONLY_ACTIVE_ARCH = YES;
				SDKROOT = macosx;
				SWIFT_COMPILATION_MODE = wholemodule;
				SWIFT_OPTIMIZATION_LEVEL = "-O";
			};
			name = Release;
		};
		A32E029B21ED7AD6000DB25F /* Debug */ = {
			isa = XCBuildConfiguration;
			baseConfigurationReference = 15EEFAAEB0EAF3F8A1F843F9 /* Pods-Typist.debug.xcconfig */;
			buildSettings = {
				ASSETCATALOG_COMPILER_APPICON_NAME = AppIcon;
				CODE_SIGN_ENTITLEMENTS = Typist/Typist.entitlements;
				CODE_SIGN_IDENTITY = "Mac Developer";
				CODE_SIGN_STYLE = Automatic;
				COMBINE_HIDPI_IMAGES = YES;
				DEVELOPMENT_TEAM = GPQ4VLJS96;
				ENABLE_HARDENED_RUNTIME = YES;
				GCC_OPTIMIZATION_LEVEL = 0;
				INFOPLIST_FILE = Typist/Info.plist;
				LD_RUNPATH_SEARCH_PATHS = (
					"$(inherited)",
					"@executable_path/../Frameworks",
				);
				MACOSX_DEPLOYMENT_TARGET = 10.13;
				PRODUCT_BUNDLE_IDENTIFIER = com.ssw.typist;
				PRODUCT_NAME = "$(TARGET_NAME)";
				PROVISIONING_PROFILE_SPECIFIER = "";
				SWIFT_VERSION = 5.0;
			};
			name = Debug;
		};
		A32E029C21ED7AD6000DB25F /* Release */ = {
			isa = XCBuildConfiguration;
			baseConfigurationReference = 3498B66A568E648A13B5A871 /* Pods-Typist.release.xcconfig */;
			buildSettings = {
				ASSETCATALOG_COMPILER_APPICON_NAME = AppIcon;
				CODE_SIGN_ENTITLEMENTS = Typist/Typist.entitlements;
				CODE_SIGN_IDENTITY = "Mac Developer";
				CODE_SIGN_STYLE = Automatic;
				COMBINE_HIDPI_IMAGES = YES;
				DEVELOPMENT_TEAM = GPQ4VLJS96;
				ENABLE_HARDENED_RUNTIME = YES;
				GCC_OPTIMIZATION_LEVEL = 0;
				INFOPLIST_FILE = Typist/Info.plist;
				LD_RUNPATH_SEARCH_PATHS = (
					"$(inherited)",
					"@executable_path/../Frameworks",
				);
				MACOSX_DEPLOYMENT_TARGET = 10.13;
				PRODUCT_BUNDLE_IDENTIFIER = com.ssw.typist;
				PRODUCT_NAME = "$(TARGET_NAME)";
				PROVISIONING_PROFILE_SPECIFIER = "";
				SWIFT_VERSION = 5.0;
			};
			name = Release;
		};
		A32E029E21ED7AD6000DB25F /* Debug */ = {
			isa = XCBuildConfiguration;
			baseConfigurationReference = 59CAEEC1AE58BFCB7DEEBC62 /* Pods-TypistTests.debug.xcconfig */;
			buildSettings = {
				ALWAYS_EMBED_SWIFT_STANDARD_LIBRARIES = YES;
				BUNDLE_LOADER = "$(TEST_HOST)";
				CODE_SIGN_STYLE = Automatic;
				COMBINE_HIDPI_IMAGES = YES;
				DEVELOPMENT_TEAM = PK75CJKJVR;
				INFOPLIST_FILE = TypistTests/Info.plist;
				LD_RUNPATH_SEARCH_PATHS = (
					"$(inherited)",
					"@executable_path/../Frameworks",
					"@loader_path/../Frameworks",
				);
				PRODUCT_BUNDLE_IDENTIFIER = ssw.wickedPropeller.TypistTests;
				PRODUCT_NAME = "$(TARGET_NAME)";
				SWIFT_VERSION = 4.2;
				TEST_HOST = "$(BUILT_PRODUCTS_DIR)/Typist.app/Contents/MacOS/Typist";
			};
			name = Debug;
		};
		A32E029F21ED7AD6000DB25F /* Release */ = {
			isa = XCBuildConfiguration;
			baseConfigurationReference = 3CD39DEFA5A8B85F375F84D3 /* Pods-TypistTests.release.xcconfig */;
			buildSettings = {
				ALWAYS_EMBED_SWIFT_STANDARD_LIBRARIES = YES;
				BUNDLE_LOADER = "$(TEST_HOST)";
				CODE_SIGN_STYLE = Automatic;
				COMBINE_HIDPI_IMAGES = YES;
				DEVELOPMENT_TEAM = PK75CJKJVR;
				INFOPLIST_FILE = TypistTests/Info.plist;
				LD_RUNPATH_SEARCH_PATHS = (
					"$(inherited)",
					"@executable_path/../Frameworks",
					"@loader_path/../Frameworks",
				);
				PRODUCT_BUNDLE_IDENTIFIER = ssw.wickedPropeller.TypistTests;
				PRODUCT_NAME = "$(TARGET_NAME)";
				SWIFT_VERSION = 4.2;
				TEST_HOST = "$(BUILT_PRODUCTS_DIR)/Typist.app/Contents/MacOS/Typist";
			};
			name = Release;
		};
		A32E02A121ED7AD6000DB25F /* Debug */ = {
			isa = XCBuildConfiguration;
			baseConfigurationReference = DAFBE7D22EAD29E6DA277BA6 /* Pods-TypistUITests.debug.xcconfig */;
			buildSettings = {
				ALWAYS_EMBED_SWIFT_STANDARD_LIBRARIES = YES;
				CODE_SIGN_STYLE = Automatic;
				COMBINE_HIDPI_IMAGES = YES;
				DEVELOPMENT_TEAM = PK75CJKJVR;
				INFOPLIST_FILE = TypistUITests/Info.plist;
				LD_RUNPATH_SEARCH_PATHS = (
					"$(inherited)",
					"@executable_path/../Frameworks",
					"@loader_path/../Frameworks",
				);
				PRODUCT_BUNDLE_IDENTIFIER = ssw.wickedPropeller.TypistUITests;
				PRODUCT_NAME = "$(TARGET_NAME)";
				SWIFT_VERSION = 4.2;
				TEST_TARGET_NAME = Typist;
			};
			name = Debug;
		};
		A32E02A221ED7AD6000DB25F /* Release */ = {
			isa = XCBuildConfiguration;
			baseConfigurationReference = 7FCD730319214FFC7C53E66F /* Pods-TypistUITests.release.xcconfig */;
			buildSettings = {
				ALWAYS_EMBED_SWIFT_STANDARD_LIBRARIES = YES;
				CODE_SIGN_STYLE = Automatic;
				COMBINE_HIDPI_IMAGES = YES;
				DEVELOPMENT_TEAM = PK75CJKJVR;
				INFOPLIST_FILE = TypistUITests/Info.plist;
				LD_RUNPATH_SEARCH_PATHS = (
					"$(inherited)",
					"@executable_path/../Frameworks",
					"@loader_path/../Frameworks",
				);
				PRODUCT_BUNDLE_IDENTIFIER = ssw.wickedPropeller.TypistUITests;
				PRODUCT_NAME = "$(TARGET_NAME)";
				SWIFT_VERSION = 4.2;
				TEST_TARGET_NAME = Typist;
			};
			name = Release;
		};
/* End XCBuildConfiguration section */

/* Begin XCConfigurationList section */
		A32E026C21ED7AD4000DB25F /* Build configuration list for PBXProject "Typist" */ = {
			isa = XCConfigurationList;
			buildConfigurations = (
				A32E029821ED7AD6000DB25F /* Debug */,
				A32E029921ED7AD6000DB25F /* Release */,
			);
			defaultConfigurationIsVisible = 0;
			defaultConfigurationName = Release;
		};
		A32E029A21ED7AD6000DB25F /* Build configuration list for PBXNativeTarget "Typist" */ = {
			isa = XCConfigurationList;
			buildConfigurations = (
				A32E029B21ED7AD6000DB25F /* Debug */,
				A32E029C21ED7AD6000DB25F /* Release */,
			);
			defaultConfigurationIsVisible = 0;
			defaultConfigurationName = Release;
		};
		A32E029D21ED7AD6000DB25F /* Build configuration list for PBXNativeTarget "TypistTests" */ = {
			isa = XCConfigurationList;
			buildConfigurations = (
				A32E029E21ED7AD6000DB25F /* Debug */,
				A32E029F21ED7AD6000DB25F /* Release */,
			);
			defaultConfigurationIsVisible = 0;
			defaultConfigurationName = Release;
		};
		A32E02A021ED7AD6000DB25F /* Build configuration list for PBXNativeTarget "TypistUITests" */ = {
			isa = XCConfigurationList;
			buildConfigurations = (
				A32E02A121ED7AD6000DB25F /* Debug */,
				A32E02A221ED7AD6000DB25F /* Release */,
			);
			defaultConfigurationIsVisible = 0;
			defaultConfigurationName = Release;
		};
/* End XCConfigurationList section */

/* Begin XCVersionGroup section */
		A32E027821ED7AD4000DB25F /* Typist.xcdatamodeld */ = {
			isa = XCVersionGroup;
			children = (
				A32E027921ED7AD4000DB25F /* Typist.xcdatamodel */,
			);
			currentVersion = A32E027921ED7AD4000DB25F /* Typist.xcdatamodel */;
			path = Typist.xcdatamodeld;
			sourceTree = "<group>";
			versionGroupType = wrapper.xcdatamodel;
		};
/* End XCVersionGroup section */
	};
	rootObject = A32E026921ED7AD4000DB25F /* Project object */;
}
