PODS:
  - GBDeviceInfo (6.5.1):
    - GBDeviceInfo/Core (= 6.5.1)
  - GBDeviceInfo/Core (6.5.1)
  - Introspect (0.1.3)
  - Realm (10.14.0):
    - Realm/Headers (= 10.14.0)
  - Realm/Headers (10.14.0)
  - RealmSwift (10.14.0):
    - Realm (= 10.14.0)
  - SwiftyBeaver (1.9.3)
  - SwiftySound (1.2.0)

DEPENDENCIES:
  - GBDeviceInfo
  - Introspect
  - Realm
  - RealmSwift (~> 10)
  - SwiftyBeaver
  - SwiftySound

SPEC REPOS:
  trunk:
    - GBDeviceInfo
    - Introspect
    - Realm
    - RealmSwift
    - SwiftyBeaver
    - SwiftySound

SPEC CHECKSUMS:
  GBDeviceInfo: 8c2fb32865a2f4793254a1f748a0ae2722e59ba6
  Introspect: 2be020f30f084ada52bb4387fff83fa52c5c400e
  Realm: 95a120db10fa66d0f1d10bee4ce828177ae00090
  RealmSwift: 4937e1b6f9b87bc25dc23883198807bf69e8cb76
  SwiftyBeaver: 2e8acd6fc90c6d0a27055867a290794926d57c02
  SwiftySound: 9eb28bb14edb601b40027e44319e0ef8383f88bf

PODFILE CHECKSUM: f2fecfde1f7172011448e1bfd1adb75d07a6ab88

COCOAPODS: 1.11.2
