// !$*UTF8*$!
{
	archiveVersion = 1;
	classes = {
	};
	objectVersion = 51;
	objects = {

/* Begin PBXBuildFile section */
		3A6E568DDED3B8A20A75F9A6 /* Pods_Typyst.framework in Frameworks */ = {isa = PBXBuildFile; fileRef = 30591BC0E7626D89DF78C6E7 /* Pods_Typyst.framework */; };
		6EF6B010AE5C22BEAC060772 /* SettingsCard.swift in Sources */ = {isa = PBXBuildFile; fileRef = 6EF6B13809F0D6C60061D5A5 /* SettingsCard.swift */; };
		6EF6B03DAE57BE77E0C3935F /* TypeWriterSettingsView.swift in Sources */ = {isa = PBXBuildFile; fileRef = 6EF6B61F0852DE8E4F985ADA /* TypeWriterSettingsView.swift */; };
		6EF6B042463441402C0A69A0 /* TypeWriterMenuData.swift in Sources */ = {isa = PBXBuildFile; fileRef = 6EF6B6E9CD2A8981B4D19CBB /* TypeWriterMenuData.swift */; };
		6EF6B062D73DCD9E5B15969B /* UserInfoAlerts.swift in Sources */ = {isa = PBXBuildFile; fileRef = 6EF6B3CCAC98A411A6E62270 /* UserInfoAlerts.swift */; };
		6EF6B06D7A98A309A64A0F99 /* Card.swift in Sources */ = {isa = PBXBuildFile; fileRef = 6EF6B137B72806C6B26A0F54 /* Card.swift */; };
		6EF6B07030E073645F9BC6D2 /* TitleCard.swift in Sources */ = {isa = PBXBuildFile; fileRef = 6EF6BAC570A48788A9C9339A /* TitleCard.swift */; };
		6EF6B0C17E5026CC9489A3CE /* AppWindow.swift in Sources */ = {isa = PBXBuildFile; fileRef = 6EF6BCE331C6B01A985F3C1C /* AppWindow.swift */; };
		6EF6B1053CCE2239D055346D /* AnalyticsInfoControls.swift in Sources */ = {isa = PBXBuildFile; fileRef = 6EF6B56F3EF9254570502A23 /* AnalyticsInfoControls.swift */; };
		6EF6B14C6ACB40656FA6A297 /* SettingToggle.swift in Sources */ = {isa = PBXBuildFile; fileRef = 6EF6B3BBA28CC0D944A042CF /* SettingToggle.swift */; };
		6EF6B180FB839A4815FEA239 /* VolumeSettingView.swift in Sources */ = {isa = PBXBuildFile; fileRef = 6EF6B91D8A46113ED39CA980 /* VolumeSettingView.swift */; };
		6EF6B1A3B02D25B9C2AFE5B0 /* KeyEvent.swift in Sources */ = {isa = PBXBuildFile; fileRef = 6EF6B4A79010AA6EA172B2BE /* KeyEvent.swift */; };
		6EF6B291856F96C6ADE78DC7 /* AppDelegate.swift in Sources */ = {isa = PBXBuildFile; fileRef = 6EF6B986BD58037385A13CD0 /* AppDelegate.swift */; };
		6EF6B29B727DE417EF269B46 /* Font.swift in Sources */ = {isa = PBXBuildFile; fileRef = 6EF6B9295E6583F4A8FA6782 /* Font.swift */; };
		6EF6B2BD6DEFF5CFD40018FC /* TypeWriterMenu.swift in Sources */ = {isa = PBXBuildFile; fileRef = 6EF6BB59E6139307E0945CAB /* TypeWriterMenu.swift */; };
		6EF6B3AB92FC26EF6EA2A8C3 /* AppSettings.swift in Sources */ = {isa = PBXBuildFile; fileRef = 6EF6B4DE467CAC8DBE93D4D6 /* AppSettings.swift */; };
		6EF6B3D45A7E0C591528643D /* KeyListener.swift in Sources */ = {isa = PBXBuildFile; fileRef = 6EF6BB1230A11180AF838642 /* KeyListener.swift */; };
		6EF6B42C7FD0063622D00F18 /* TypeWriters.swift in Sources */ = {isa = PBXBuildFile; fileRef = 6EF6BE1B7FFF5E36DACCAF4A /* TypeWriters.swift */; };
		6EF6B4847F6648E51458D516 /* TimeHelper.swift in Sources */ = {isa = PBXBuildFile; fileRef = 6EF6B0DFBCF0E5FA9BCC3916 /* TimeHelper.swift */; };
		6EF6B4C09A5428A8B064B014 /* TypeWriterCardImageButton.swift in Sources */ = {isa = PBXBuildFile; fileRef = 6EF6B6A0436E11253176C46C /* TypeWriterCardImageButton.swift */; };
		6EF6B4CA1C0F6D359CFAEB12 /* TypeWriterKeyLogic.swift in Sources */ = {isa = PBXBuildFile; fileRef = 6EF6B0108A0611524016A5CC /* TypeWriterKeyLogic.swift */; };
		6EF6B4F8757B86CF2987E4ED /* NeumorphicShadow.swift in Sources */ = {isa = PBXBuildFile; fileRef = 6EF6BF406861B81AB15548FD /* NeumorphicShadow.swift */; };
		6EF6B5440549C4FE7C559058 /* Colors.swift in Sources */ = {isa = PBXBuildFile; fileRef = 6EF6BA8DC781A5B5D2196918 /* Colors.swift */; };
		6EF6B54D7BD7608C2F381A5F /* TypeWriterCardBody.swift in Sources */ = {isa = PBXBuildFile; fileRef = 6EF6B7C8D193DE249ED28BC5 /* TypeWriterCardBody.swift */; };
		6EF6B57CBE2891C1D64792FA /* RepeatingTimer.swift in Sources */ = {isa = PBXBuildFile; fileRef = 6EF6B8B8CC1AA2789818CA2D /* RepeatingTimer.swift */; };
		6EF6B593F07ACE7F9F5B6C6B /* AnalyticsInfoViewAppKit.swift in Sources */ = {isa = PBXBuildFile; fileRef = 6EF6B2C6733B78312AC9A2A9 /* AnalyticsInfoViewAppKit.swift */; };
		6EF6B5D12C2FF3365AE00381 /* AnalyticsInfoView.swift in Sources */ = {isa = PBXBuildFile; fileRef = 6EF6B116AFC61FBBFEDB8696 /* AnalyticsInfoView.swift */; };
		6EF6B5EEB1FD683AC1C9F989 /* README.md in Sources */ = {isa = PBXBuildFile; fileRef = 6EF6BAEE227912C1ADA5F03B /* README.md */; };
		6EF6B6517B63B26BF04195F4 /* KeySets.swift in Sources */ = {isa = PBXBuildFile; fileRef = 6EF6B1F2868A8D874B7487D6 /* KeySets.swift */; };
		6EF6B69042E8A8BDE66F81BC /* AnalyticsSettings.swift in Sources */ = {isa = PBXBuildFile; fileRef = 6EF6B1A9A6DE5E4F1DF34DD8 /* AnalyticsSettings.swift */; };
		6EF6B695F1702CE15617AD63 /* TypeWriterCard.swift in Sources */ = {isa = PBXBuildFile; fileRef = 6EF6B523C3D943017AF709D5 /* TypeWriterCard.swift */; };
		6EF6B6B8BECB29294CB1EEE9 /* SettingsMenuHeader.swift in Sources */ = {isa = PBXBuildFile; fileRef = 6EF6B1C830AC21FA2623213D /* SettingsMenuHeader.swift */; };
		6EF6B6DCB305E07BB9CD8A2C /* System.swift in Sources */ = {isa = PBXBuildFile; fileRef = 6EF6B1A05FFC2CFC5F2FA2BB /* System.swift */; };
		6EF6B738E5610540B268328A /* AnalyticsInfoCardViewModel.swift in Sources */ = {isa = PBXBuildFile; fileRef = 6EF6BF9C9F00B0AF1F4F88E0 /* AnalyticsInfoCardViewModel.swift */; };
		6EF6B75EB30A63F6EFF60155 /* ErrorAlerts.swift in Sources */ = {isa = PBXBuildFile; fileRef = 6EF6B11AD280910B9FC3271B /* ErrorAlerts.swift */; };
		6EF6B77FF0258BFFF10EF9EB /* SystemFunctions.swift in Sources */ = {isa = PBXBuildFile; fileRef = 6EF6B67994B43EA8D67C6068 /* SystemFunctions.swift */; };
		6EF6B7CA343D1B175D82C5E0 /* TypeWriterCardHeader.swift in Sources */ = {isa = PBXBuildFile; fileRef = 6EF6BB40DA12CF283CB1618F /* TypeWriterCardHeader.swift */; };
		6EF6B84D1671F5B68875C888 /* Sounds.swift in Sources */ = {isa = PBXBuildFile; fileRef = 6EF6B9E51419CF7F84B0E783 /* Sounds.swift */; };
		6EF6B8817C44530F59E75272 /* AppSettingsMenuItems.swift in Sources */ = {isa = PBXBuildFile; fileRef = 6EF6B96AF3CFC1E06FE8E49A /* AppSettingsMenuItems.swift */; };
		6EF6B8FBA86B026650877B2E /* AppPersistence.swift in Sources */ = {isa = PBXBuildFile; fileRef = 6EF6B59C2D29155948D19ED0 /* AppPersistence.swift */; };
		6EF6B905F9946A6AE0FE21DE /* Core.swift in Sources */ = {isa = PBXBuildFile; fileRef = 6EF6BCF08FA855B522512059 /* Core.swift */; };
		6EF6B9A8E114479469053165 /* AnalyticsInfoViewModel.swift in Sources */ = {isa = PBXBuildFile; fileRef = 6EF6B7C58A572413E7EF1F12 /* AnalyticsInfoViewModel.swift */; };
		6EF6BA3422B21A894F9E6032 /* Alert.swift in Sources */ = {isa = PBXBuildFile; fileRef = 6EF6B7A016561575639B7FFC /* Alert.swift */; };
		6EF6BA3FBD32A2F7532501AE /* AppMenu.swift in Sources */ = {isa = PBXBuildFile; fileRef = 6EF6B0E2AEA1C73556F648D5 /* AppMenu.swift */; };
		6EF6BA7BBFA6F1FFA29CBCEF /* KeyboardAccessibilityAlerts.swift in Sources */ = {isa = PBXBuildFile; fileRef = 6EF6BE5034B17E7759F7958E /* KeyboardAccessibilityAlerts.swift */; };
		6EF6BB48FEDF0DE098517262 /* TypeWriterSettings.swift in Sources */ = {isa = PBXBuildFile; fileRef = 6EF6BBC1AA3FE42FDF845CED /* TypeWriterSettings.swift */; };
		6EF6BB542F18D78A4E4ED489 /* CoreMenuItems.swift in Sources */ = {isa = PBXBuildFile; fileRef = 6EF6BA6605B457790F399538 /* CoreMenuItems.swift */; };
		6EF6BB75E59D5CA596CE9AC1 /* NSEventExtension.swift in Sources */ = {isa = PBXBuildFile; fileRef = 6EF6BCB1662C8049440D7965 /* NSEventExtension.swift */; };
		6EF6BBB466B54B4B1E1A5E4D /* TypeWriter.swift in Sources */ = {isa = PBXBuildFile; fileRef = 6EF6B36234D56CBA9D7D6FC0 /* TypeWriter.swift */; };
		6EF6BBEE457E9F38B3926A06 /* SoundError.swift in Sources */ = {isa = PBXBuildFile; fileRef = 6EF6B38665A653B2213CCC13 /* SoundError.swift */; };
		6EF6BC5545312F8853CFB3AA /* NeumorphicButton.swift in Sources */ = {isa = PBXBuildFile; fileRef = 6EF6B9D6573E0CC11BD7FC8E /* NeumorphicButton.swift */; };
		6EF6BC76BF849709B546E6F7 /* AppSettingsView.swift in Sources */ = {isa = PBXBuildFile; fileRef = 6EF6B80EB3C615ED9980CBDE /* AppSettingsView.swift */; };
		6EF6BD3F95123D40A461C9C4 /* App.swift in Sources */ = {isa = PBXBuildFile; fileRef = 6EF6B566D0D0210CAB5A4862 /* App.swift */; };
		6EF6BD41680C93EFC4939BA2 /* TypeWriterModel.swift in Sources */ = {isa = PBXBuildFile; fileRef = 6EF6BA9DBB351FE781635AAF /* TypeWriterModel.swift */; };
		6EF6BD90D1FB9363A880C30E /* TypeWriterState.swift in Sources */ = {isa = PBXBuildFile; fileRef = 6EF6B9E74515C9B0AA388E23 /* TypeWriterState.swift */; };
		6EF6BDD1088F0250BB6FFCE9 /* TypeWriterMenuHeader.swift in Sources */ = {isa = PBXBuildFile; fileRef = 6EF6BB7A7CEFB47D37DDF331 /* TypeWriterMenuHeader.swift */; };
		6EF6BE15A4240765FB58D5D3 /* VolumeSettings.swift in Sources */ = {isa = PBXBuildFile; fileRef = 6EF6B4B95C3B08E8A83C6E54 /* VolumeSettings.swift */; };
		6EF6BE453456672AC26A2B55 /* AppUI.swift in Sources */ = {isa = PBXBuildFile; fileRef = 6EF6BB8590160BBC307F576F /* AppUI.swift */; };
		6EF6BE68817C83259677255C /* AnalyticsInfoControlButton.swift in Sources */ = {isa = PBXBuildFile; fileRef = 6EF6BE51F293A103B34B8DF2 /* AnalyticsInfoControlButton.swift */; };
		6EF6BF8B5D647C461D11C97D /* SettingsMenu.swift in Sources */ = {isa = PBXBuildFile; fileRef = 6EF6B1C08BFC6A8A499C4C9A /* SettingsMenu.swift */; };
		A3052A6926034D160001E414 /* ViewExtension.swift in Sources */ = {isa = PBXBuildFile; fileRef = A3052A6826034D160001E414 /* ViewExtension.swift */; };
		A311CE4725FF2E9A005A437C /* TypeWriterInfo.swift in Sources */ = {isa = PBXBuildFile; fileRef = A311CE4625FF2E9A005A437C /* TypeWriterInfo.swift */; };
		A32E027C21ED7AD6000DB25F /* Assets.xcassets in Resources */ = {isa = PBXBuildFile; fileRef = A32E027B21ED7AD6000DB25F /* Assets.xcassets */; };
		A32E027F21ED7AD6000DB25F /* Main.storyboard in Resources */ = {isa = PBXBuildFile; fileRef = A32E027D21ED7AD6000DB25F /* Main.storyboard */; };
		A32E028B21ED7AD6000DB25F /* TypystTests.swift in Sources */ = {isa = PBXBuildFile; fileRef = A32E028A21ED7AD6000DB25F /* TypystTests.swift */; };
		A32E029621ED7AD6000DB25F /* TypystUITests.swift in Sources */ = {isa = PBXBuildFile; fileRef = A32E029521ED7AD6000DB25F /* TypystUITests.swift */; };
		A330984625FC9E0000DFAA64 /* Labels.swift in Sources */ = {isa = PBXBuildFile; fileRef = A330984525FC9E0000DFAA64 /* Labels.swift */; };
		A330984A25FC9E7300DFAA64 /* CardHeader.swift in Sources */ = {isa = PBXBuildFile; fileRef = A330984925FC9E7300DFAA64 /* CardHeader.swift */; };
		A3401CF825FD2CE600800BA8 /* EmailButton.swift in Sources */ = {isa = PBXBuildFile; fileRef = A3401CF725FD2CE600800BA8 /* EmailButton.swift */; };
		A3401D0225FD4FCB00800BA8 /* Typyst.swift in Sources */ = {isa = PBXBuildFile; fileRef = A3401D0125FD4FCB00800BA8 /* Typyst.swift */; };
		A341BA0225FCA68B00F85E7A /* MainView.swift in Sources */ = {isa = PBXBuildFile; fileRef = A341BA0125FCA68B00F85E7A /* MainView.swift */; };
		A37127492605340B00E54C0A /* AnalyticsInfoCard.swift in Sources */ = {isa = PBXBuildFile; fileRef = A37127482605340B00E54C0A /* AnalyticsInfoCard.swift */; };
		A3C92B6023FD15D700D84A6C /* Soundsets in Resources */ = {isa = PBXBuildFile; fileRef = A32E02A721EE9DA7000DB25F /* Soundsets */; };
		A3CA07FB25F9EBF200531611 /* Styles.swift in Sources */ = {isa = PBXBuildFile; fileRef = A3CA07FA25F9EBF200531611 /* Styles.swift */; };
		A3E37277242DA2D7000C588E /* SwiftExtensions.swift in Sources */ = {isa = PBXBuildFile; fileRef = A3E37276242DA2D7000C588E /* SwiftExtensions.swift */; };
		A3EB3E78261142C6001CAA55 /* Gradients.swift in Sources */ = {isa = PBXBuildFile; fileRef = A3EB3E77261142C6001CAA55 /* Gradients.swift */; };
		A3EB3E7D26115A95001CAA55 /* TypeWriterMenuScrollableSelector.swift in Sources */ = {isa = PBXBuildFile; fileRef = A3EB3E7C26115A95001CAA55 /* TypeWriterMenuScrollableSelector.swift */; };
		A3FEAF7D2431265600E3701E /* TypingStats.swift in Sources */ = {isa = PBXBuildFile; fileRef = A3FEAF7C2431265600E3701E /* TypingStats.swift */; };
		A3FEAF812431A46100E3701E /* GoogleService-Info.plist in Resources */ = {isa = PBXBuildFile; fileRef = A3FEAF802431A46100E3701E /* GoogleService-Info.plist */; };
		C0001C7A825050504B671E9E /* Pods_TypystTests.framework in Frameworks */ = {isa = PBXBuildFile; fileRef = 8B4F04AFEC95A797B13769CE /* Pods_TypystTests.framework */; };
		C161F92979DC3D45436913DB /* Pods_TypystUITests.framework in Frameworks */ = {isa = PBXBuildFile; fileRef = 211BF0DA1F0933851D97BF9B /* Pods_TypystUITests.framework */; };
/* End PBXBuildFile section */

/* Begin PBXContainerItemProxy section */
		A32E028721ED7AD6000DB25F /* PBXContainerItemProxy */ = {
			isa = PBXContainerItemProxy;
			containerPortal = A32E026921ED7AD4000DB25F /* Project object */;
			proxyType = 1;
			remoteGlobalIDString = A32E027021ED7AD4000DB25F;
			remoteInfo = Typyst;
		};
		A32E029221ED7AD6000DB25F /* PBXContainerItemProxy */ = {
			isa = PBXContainerItemProxy;
			containerPortal = A32E026921ED7AD4000DB25F /* Project object */;
			proxyType = 1;
			remoteGlobalIDString = A32E027021ED7AD4000DB25F;
			remoteInfo = Typyst;
		};
/* End PBXContainerItemProxy section */

/* Begin PBXCopyFilesBuildPhase section */
		A3DA92932429BDF200989EF4 /* Embed Frameworks */ = {
			isa = PBXCopyFilesBuildPhase;
			buildActionMask = 2147483647;
			dstPath = "";
			dstSubfolderSpec = 10;
			files = (
			);
			name = "Embed Frameworks";
			runOnlyForDeploymentPostprocessing = 0;
		};
/* End PBXCopyFilesBuildPhase section */

/* Begin PBXFileReference section */
		2070F2D4CCB71F1F678CB35C /* Pods-TypystUITests.release.xcconfig */ = {isa = PBXFileReference; includeInIndex = 1; lastKnownFileType = text.xcconfig; name = "Pods-TypystUITests.release.xcconfig"; path = "Target Support Files/Pods-TypystUITests/Pods-TypystUITests.release.xcconfig"; sourceTree = "<group>"; };
		211BF0DA1F0933851D97BF9B /* Pods_TypystUITests.framework */ = {isa = PBXFileReference; explicitFileType = wrapper.framework; includeInIndex = 0; path = Pods_TypystUITests.framework; sourceTree = BUILT_PRODUCTS_DIR; };
		3040365D7D9AA6BAA0C90ED7 /* Pods-TypystUITests.debug.xcconfig */ = {isa = PBXFileReference; includeInIndex = 1; lastKnownFileType = text.xcconfig; name = "Pods-TypystUITests.debug.xcconfig"; path = "Target Support Files/Pods-TypystUITests/Pods-TypystUITests.debug.xcconfig"; sourceTree = "<group>"; };
		30591BC0E7626D89DF78C6E7 /* Pods_Typyst.framework */ = {isa = PBXFileReference; explicitFileType = wrapper.framework; includeInIndex = 0; path = Pods_Typyst.framework; sourceTree = BUILT_PRODUCTS_DIR; };
		3322DD0E520F55C17C1B0485 /* Pods-Typyst.debug.xcconfig */ = {isa = PBXFileReference; includeInIndex = 1; lastKnownFileType = text.xcconfig; name = "Pods-Typyst.debug.xcconfig"; path = "Target Support Files/Pods-Typyst/Pods-Typyst.debug.xcconfig"; sourceTree = "<group>"; };
		5115E3EE4F09E3B2EC90C9B6 /* Pods-TypystTests.debug.xcconfig */ = {isa = PBXFileReference; includeInIndex = 1; lastKnownFileType = text.xcconfig; name = "Pods-TypystTests.debug.xcconfig"; path = "Target Support Files/Pods-TypystTests/Pods-TypystTests.debug.xcconfig"; sourceTree = "<group>"; };
		6EF6B0108A0611524016A5CC /* TypeWriterKeyLogic.swift */ = {isa = PBXFileReference; fileEncoding = 4; lastKnownFileType = sourcecode.swift; path = TypeWriterKeyLogic.swift; sourceTree = "<group>"; };
		6EF6B0DFBCF0E5FA9BCC3916 /* TimeHelper.swift */ = {isa = PBXFileReference; fileEncoding = 4; lastKnownFileType = sourcecode.swift; path = TimeHelper.swift; sourceTree = "<group>"; };
		6EF6B0E2AEA1C73556F648D5 /* AppMenu.swift */ = {isa = PBXFileReference; fileEncoding = 4; lastKnownFileType = sourcecode.swift; path = AppMenu.swift; sourceTree = "<group>"; };
		6EF6B116AFC61FBBFEDB8696 /* AnalyticsInfoView.swift */ = {isa = PBXFileReference; fileEncoding = 4; lastKnownFileType = sourcecode.swift; path = AnalyticsInfoView.swift; sourceTree = "<group>"; };
		6EF6B11AD280910B9FC3271B /* ErrorAlerts.swift */ = {isa = PBXFileReference; fileEncoding = 4; lastKnownFileType = sourcecode.swift; path = ErrorAlerts.swift; sourceTree = "<group>"; };
		6EF6B137B72806C6B26A0F54 /* Card.swift */ = {isa = PBXFileReference; fileEncoding = 4; lastKnownFileType = sourcecode.swift; path = Card.swift; sourceTree = "<group>"; };
		6EF6B13809F0D6C60061D5A5 /* SettingsCard.swift */ = {isa = PBXFileReference; fileEncoding = 4; lastKnownFileType = sourcecode.swift; path = SettingsCard.swift; sourceTree = "<group>"; };
		6EF6B1A05FFC2CFC5F2FA2BB /* System.swift */ = {isa = PBXFileReference; fileEncoding = 4; lastKnownFileType = sourcecode.swift; path = System.swift; sourceTree = "<group>"; };
		6EF6B1A9A6DE5E4F1DF34DD8 /* AnalyticsSettings.swift */ = {isa = PBXFileReference; fileEncoding = 4; lastKnownFileType = sourcecode.swift; path = AnalyticsSettings.swift; sourceTree = "<group>"; };
		6EF6B1C08BFC6A8A499C4C9A /* SettingsMenu.swift */ = {isa = PBXFileReference; fileEncoding = 4; lastKnownFileType = sourcecode.swift; path = SettingsMenu.swift; sourceTree = "<group>"; };
		6EF6B1C830AC21FA2623213D /* SettingsMenuHeader.swift */ = {isa = PBXFileReference; fileEncoding = 4; lastKnownFileType = sourcecode.swift; path = SettingsMenuHeader.swift; sourceTree = "<group>"; };
		6EF6B1F2868A8D874B7487D6 /* KeySets.swift */ = {isa = PBXFileReference; fileEncoding = 4; lastKnownFileType = sourcecode.swift; path = KeySets.swift; sourceTree = "<group>"; };
		6EF6B2C6733B78312AC9A2A9 /* AnalyticsInfoViewAppKit.swift */ = {isa = PBXFileReference; fileEncoding = 4; lastKnownFileType = sourcecode.swift; path = AnalyticsInfoViewAppKit.swift; sourceTree = "<group>"; };
		6EF6B36234D56CBA9D7D6FC0 /* TypeWriter.swift */ = {isa = PBXFileReference; fileEncoding = 4; lastKnownFileType = sourcecode.swift; path = TypeWriter.swift; sourceTree = "<group>"; };
		6EF6B38665A653B2213CCC13 /* SoundError.swift */ = {isa = PBXFileReference; fileEncoding = 4; lastKnownFileType = sourcecode.swift; path = SoundError.swift; sourceTree = "<group>"; };
		6EF6B3BBA28CC0D944A042CF /* SettingToggle.swift */ = {isa = PBXFileReference; fileEncoding = 4; lastKnownFileType = sourcecode.swift; path = SettingToggle.swift; sourceTree = "<group>"; };
		6EF6B3CCAC98A411A6E62270 /* UserInfoAlerts.swift */ = {isa = PBXFileReference; fileEncoding = 4; lastKnownFileType = sourcecode.swift; path = UserInfoAlerts.swift; sourceTree = "<group>"; };
		6EF6B4A79010AA6EA172B2BE /* KeyEvent.swift */ = {isa = PBXFileReference; fileEncoding = 4; lastKnownFileType = sourcecode.swift; path = KeyEvent.swift; sourceTree = "<group>"; };
		6EF6B4B95C3B08E8A83C6E54 /* VolumeSettings.swift */ = {isa = PBXFileReference; fileEncoding = 4; lastKnownFileType = sourcecode.swift; path = VolumeSettings.swift; sourceTree = "<group>"; };
		6EF6B4DE467CAC8DBE93D4D6 /* AppSettings.swift */ = {isa = PBXFileReference; fileEncoding = 4; lastKnownFileType = sourcecode.swift; path = AppSettings.swift; sourceTree = "<group>"; };
		6EF6B523C3D943017AF709D5 /* TypeWriterCard.swift */ = {isa = PBXFileReference; fileEncoding = 4; lastKnownFileType = sourcecode.swift; path = TypeWriterCard.swift; sourceTree = "<group>"; };
		6EF6B566D0D0210CAB5A4862 /* App.swift */ = {isa = PBXFileReference; fileEncoding = 4; lastKnownFileType = sourcecode.swift; path = App.swift; sourceTree = "<group>"; };
		6EF6B56F3EF9254570502A23 /* AnalyticsInfoControls.swift */ = {isa = PBXFileReference; fileEncoding = 4; lastKnownFileType = sourcecode.swift; path = AnalyticsInfoControls.swift; sourceTree = "<group>"; };
		6EF6B59C2D29155948D19ED0 /* AppPersistence.swift */ = {isa = PBXFileReference; fileEncoding = 4; lastKnownFileType = sourcecode.swift; path = AppPersistence.swift; sourceTree = "<group>"; };
		6EF6B61F0852DE8E4F985ADA /* TypeWriterSettingsView.swift */ = {isa = PBXFileReference; fileEncoding = 4; lastKnownFileType = sourcecode.swift; path = TypeWriterSettingsView.swift; sourceTree = "<group>"; };
		6EF6B67994B43EA8D67C6068 /* SystemFunctions.swift */ = {isa = PBXFileReference; fileEncoding = 4; lastKnownFileType = sourcecode.swift; path = SystemFunctions.swift; sourceTree = "<group>"; };
		6EF6B6A0436E11253176C46C /* TypeWriterCardImageButton.swift */ = {isa = PBXFileReference; fileEncoding = 4; lastKnownFileType = sourcecode.swift; path = TypeWriterCardImageButton.swift; sourceTree = "<group>"; };
		6EF6B6E9CD2A8981B4D19CBB /* TypeWriterMenuData.swift */ = {isa = PBXFileReference; fileEncoding = 4; lastKnownFileType = sourcecode.swift; path = TypeWriterMenuData.swift; sourceTree = "<group>"; };
		6EF6B7A016561575639B7FFC /* Alert.swift */ = {isa = PBXFileReference; fileEncoding = 4; lastKnownFileType = sourcecode.swift; path = Alert.swift; sourceTree = "<group>"; };
		6EF6B7C58A572413E7EF1F12 /* AnalyticsInfoViewModel.swift */ = {isa = PBXFileReference; fileEncoding = 4; lastKnownFileType = sourcecode.swift; path = AnalyticsInfoViewModel.swift; sourceTree = "<group>"; };
		6EF6B7C8D193DE249ED28BC5 /* TypeWriterCardBody.swift */ = {isa = PBXFileReference; fileEncoding = 4; lastKnownFileType = sourcecode.swift; path = TypeWriterCardBody.swift; sourceTree = "<group>"; };
		6EF6B80EB3C615ED9980CBDE /* AppSettingsView.swift */ = {isa = PBXFileReference; fileEncoding = 4; lastKnownFileType = sourcecode.swift; path = AppSettingsView.swift; sourceTree = "<group>"; };
		6EF6B8B8CC1AA2789818CA2D /* RepeatingTimer.swift */ = {isa = PBXFileReference; fileEncoding = 4; lastKnownFileType = sourcecode.swift; path = RepeatingTimer.swift; sourceTree = "<group>"; };
		6EF6B91D8A46113ED39CA980 /* VolumeSettingView.swift */ = {isa = PBXFileReference; fileEncoding = 4; lastKnownFileType = sourcecode.swift; path = VolumeSettingView.swift; sourceTree = "<group>"; };
		6EF6B9295E6583F4A8FA6782 /* Font.swift */ = {isa = PBXFileReference; fileEncoding = 4; lastKnownFileType = sourcecode.swift; path = Font.swift; sourceTree = "<group>"; };
		6EF6B96AF3CFC1E06FE8E49A /* AppSettingsMenuItems.swift */ = {isa = PBXFileReference; fileEncoding = 4; lastKnownFileType = sourcecode.swift; path = AppSettingsMenuItems.swift; sourceTree = "<group>"; };
		6EF6B986BD58037385A13CD0 /* AppDelegate.swift */ = {isa = PBXFileReference; fileEncoding = 4; lastKnownFileType = sourcecode.swift; path = AppDelegate.swift; sourceTree = "<group>"; };
		6EF6B9D6573E0CC11BD7FC8E /* NeumorphicButton.swift */ = {isa = PBXFileReference; fileEncoding = 4; lastKnownFileType = sourcecode.swift; path = NeumorphicButton.swift; sourceTree = "<group>"; };
		6EF6B9E51419CF7F84B0E783 /* Sounds.swift */ = {isa = PBXFileReference; fileEncoding = 4; lastKnownFileType = sourcecode.swift; path = Sounds.swift; sourceTree = "<group>"; };
		6EF6B9E74515C9B0AA388E23 /* TypeWriterState.swift */ = {isa = PBXFileReference; fileEncoding = 4; lastKnownFileType = sourcecode.swift; path = TypeWriterState.swift; sourceTree = "<group>"; };
		6EF6BA6605B457790F399538 /* CoreMenuItems.swift */ = {isa = PBXFileReference; fileEncoding = 4; lastKnownFileType = sourcecode.swift; path = CoreMenuItems.swift; sourceTree = "<group>"; };
		6EF6BA8DC781A5B5D2196918 /* Colors.swift */ = {isa = PBXFileReference; fileEncoding = 4; lastKnownFileType = sourcecode.swift; path = Colors.swift; sourceTree = "<group>"; };
		6EF6BA9DBB351FE781635AAF /* TypeWriterModel.swift */ = {isa = PBXFileReference; fileEncoding = 4; lastKnownFileType = sourcecode.swift; path = TypeWriterModel.swift; sourceTree = "<group>"; };
		6EF6BAC570A48788A9C9339A /* TitleCard.swift */ = {isa = PBXFileReference; fileEncoding = 4; lastKnownFileType = sourcecode.swift; path = TitleCard.swift; sourceTree = "<group>"; };
		6EF6BAEE227912C1ADA5F03B /* README.md */ = {isa = PBXFileReference; fileEncoding = 4; lastKnownFileType = net.daringfireball.markdown; path = README.md; sourceTree = "<group>"; };
		6EF6BB1230A11180AF838642 /* KeyListener.swift */ = {isa = PBXFileReference; fileEncoding = 4; lastKnownFileType = sourcecode.swift; path = KeyListener.swift; sourceTree = "<group>"; };
		6EF6BB40DA12CF283CB1618F /* TypeWriterCardHeader.swift */ = {isa = PBXFileReference; fileEncoding = 4; lastKnownFileType = sourcecode.swift; path = TypeWriterCardHeader.swift; sourceTree = "<group>"; };
		6EF6BB59E6139307E0945CAB /* TypeWriterMenu.swift */ = {isa = PBXFileReference; fileEncoding = 4; lastKnownFileType = sourcecode.swift; path = TypeWriterMenu.swift; sourceTree = "<group>"; };
		6EF6BB7A7CEFB47D37DDF331 /* TypeWriterMenuHeader.swift */ = {isa = PBXFileReference; fileEncoding = 4; lastKnownFileType = sourcecode.swift; path = TypeWriterMenuHeader.swift; sourceTree = "<group>"; };
		6EF6BB8590160BBC307F576F /* AppUI.swift */ = {isa = PBXFileReference; fileEncoding = 4; lastKnownFileType = sourcecode.swift; path = AppUI.swift; sourceTree = "<group>"; };
		6EF6BBC1AA3FE42FDF845CED /* TypeWriterSettings.swift */ = {isa = PBXFileReference; fileEncoding = 4; lastKnownFileType = sourcecode.swift; path = TypeWriterSettings.swift; sourceTree = "<group>"; };
		6EF6BCB1662C8049440D7965 /* NSEventExtension.swift */ = {isa = PBXFileReference; fileEncoding = 4; lastKnownFileType = sourcecode.swift; path = NSEventExtension.swift; sourceTree = "<group>"; };
		6EF6BCE331C6B01A985F3C1C /* AppWindow.swift */ = {isa = PBXFileReference; fileEncoding = 4; lastKnownFileType = sourcecode.swift; path = AppWindow.swift; sourceTree = "<group>"; };
		6EF6BCF08FA855B522512059 /* Core.swift */ = {isa = PBXFileReference; fileEncoding = 4; lastKnownFileType = sourcecode.swift; path = Core.swift; sourceTree = "<group>"; };
		6EF6BE1B7FFF5E36DACCAF4A /* TypeWriters.swift */ = {isa = PBXFileReference; fileEncoding = 4; lastKnownFileType = sourcecode.swift; path = TypeWriters.swift; sourceTree = "<group>"; };
		6EF6BE5034B17E7759F7958E /* KeyboardAccessibilityAlerts.swift */ = {isa = PBXFileReference; fileEncoding = 4; lastKnownFileType = sourcecode.swift; path = KeyboardAccessibilityAlerts.swift; sourceTree = "<group>"; };
		6EF6BE51F293A103B34B8DF2 /* AnalyticsInfoControlButton.swift */ = {isa = PBXFileReference; fileEncoding = 4; lastKnownFileType = sourcecode.swift; path = AnalyticsInfoControlButton.swift; sourceTree = "<group>"; };
		6EF6BF406861B81AB15548FD /* NeumorphicShadow.swift */ = {isa = PBXFileReference; fileEncoding = 4; lastKnownFileType = sourcecode.swift; path = NeumorphicShadow.swift; sourceTree = "<group>"; };
		6EF6BF9C9F00B0AF1F4F88E0 /* AnalyticsInfoCardViewModel.swift */ = {isa = PBXFileReference; fileEncoding = 4; lastKnownFileType = sourcecode.swift; path = AnalyticsInfoCardViewModel.swift; sourceTree = "<group>"; };
		8B4F04AFEC95A797B13769CE /* Pods_TypystTests.framework */ = {isa = PBXFileReference; explicitFileType = wrapper.framework; includeInIndex = 0; path = Pods_TypystTests.framework; sourceTree = BUILT_PRODUCTS_DIR; };
		9F6A1EA2C2D8F29962F3118D /* Pods-Typyst.release.xcconfig */ = {isa = PBXFileReference; includeInIndex = 1; lastKnownFileType = text.xcconfig; name = "Pods-Typyst.release.xcconfig"; path = "Target Support Files/Pods-Typyst/Pods-Typyst.release.xcconfig"; sourceTree = "<group>"; };
		A3052A6826034D160001E414 /* ViewExtension.swift */ = {isa = PBXFileReference; lastKnownFileType = sourcecode.swift; path = ViewExtension.swift; sourceTree = "<group>"; };
		A311CE4625FF2E9A005A437C /* TypeWriterInfo.swift */ = {isa = PBXFileReference; lastKnownFileType = sourcecode.swift; path = TypeWriterInfo.swift; sourceTree = "<group>"; };
		A32E027121ED7AD4000DB25F /* Typyst.app */ = {isa = PBXFileReference; explicitFileType = wrapper.application; includeInIndex = 0; path = Typyst.app; sourceTree = BUILT_PRODUCTS_DIR; };
		A32E027B21ED7AD6000DB25F /* Assets.xcassets */ = {isa = PBXFileReference; lastKnownFileType = folder.assetcatalog; path = Assets.xcassets; sourceTree = "<group>"; };
		A32E027E21ED7AD6000DB25F /* Base */ = {isa = PBXFileReference; lastKnownFileType = file.storyboard; name = Base; path = Base.lproj/Main.storyboard; sourceTree = "<group>"; };
		A32E028021ED7AD6000DB25F /* Info.plist */ = {isa = PBXFileReference; lastKnownFileType = text.plist.xml; path = Info.plist; sourceTree = "<group>"; };
		A32E028121ED7AD6000DB25F /* Typyst.entitlements */ = {isa = PBXFileReference; lastKnownFileType = text.plist.entitlements; path = Typyst.entitlements; sourceTree = "<group>"; };
		A32E028621ED7AD6000DB25F /* TypystTests.xctest */ = {isa = PBXFileReference; explicitFileType = wrapper.cfbundle; includeInIndex = 0; path = TypystTests.xctest; sourceTree = BUILT_PRODUCTS_DIR; };
		A32E028A21ED7AD6000DB25F /* TypystTests.swift */ = {isa = PBXFileReference; lastKnownFileType = sourcecode.swift; path = TypystTests.swift; sourceTree = "<group>"; };
		A32E028C21ED7AD6000DB25F /* Info.plist */ = {isa = PBXFileReference; lastKnownFileType = text.plist.xml; path = Info.plist; sourceTree = "<group>"; };
		A32E029121ED7AD6000DB25F /* TypystUITests.xctest */ = {isa = PBXFileReference; explicitFileType = wrapper.cfbundle; includeInIndex = 0; path = TypystUITests.xctest; sourceTree = BUILT_PRODUCTS_DIR; };
		A32E029521ED7AD6000DB25F /* TypystUITests.swift */ = {isa = PBXFileReference; lastKnownFileType = sourcecode.swift; path = TypystUITests.swift; sourceTree = "<group>"; };
		A32E029721ED7AD6000DB25F /* Info.plist */ = {isa = PBXFileReference; lastKnownFileType = text.plist.xml; path = Info.plist; sourceTree = "<group>"; };
		A32E02A721EE9DA7000DB25F /* Soundsets */ = {isa = PBXFileReference; lastKnownFileType = folder; path = Soundsets; sourceTree = "<group>"; };
		A330984525FC9E0000DFAA64 /* Labels.swift */ = {isa = PBXFileReference; lastKnownFileType = sourcecode.swift; path = Labels.swift; sourceTree = "<group>"; };
		A330984925FC9E7300DFAA64 /* CardHeader.swift */ = {isa = PBXFileReference; lastKnownFileType = sourcecode.swift; path = CardHeader.swift; sourceTree = "<group>"; };
		A3401CF725FD2CE600800BA8 /* EmailButton.swift */ = {isa = PBXFileReference; lastKnownFileType = sourcecode.swift; path = EmailButton.swift; sourceTree = "<group>"; };
		A3401D0125FD4FCB00800BA8 /* Typyst.swift */ = {isa = PBXFileReference; lastKnownFileType = sourcecode.swift; path = Typyst.swift; sourceTree = "<group>"; };
		A341BA0125FCA68B00F85E7A /* MainView.swift */ = {isa = PBXFileReference; lastKnownFileType = sourcecode.swift; path = MainView.swift; sourceTree = "<group>"; };
		A37127482605340B00E54C0A /* AnalyticsInfoCard.swift */ = {isa = PBXFileReference; lastKnownFileType = sourcecode.swift; path = AnalyticsInfoCard.swift; sourceTree = "<group>"; };
		A3CA07FA25F9EBF200531611 /* Styles.swift */ = {isa = PBXFileReference; lastKnownFileType = sourcecode.swift; path = Styles.swift; sourceTree = "<group>"; };
		A3E37276242DA2D7000C588E /* SwiftExtensions.swift */ = {isa = PBXFileReference; lastKnownFileType = sourcecode.swift; path = SwiftExtensions.swift; sourceTree = "<group>"; };
		A3EB3E5B2610F859001CAA55 /* AmericanTypewriter.ttc */ = {isa = PBXFileReference; lastKnownFileType = file; path = AmericanTypewriter.ttc; sourceTree = "<group>"; };
		A3EB3E5C2610F875001CAA55 /* 1942.ttf */ = {isa = PBXFileReference; lastKnownFileType = file; path = 1942.ttf; sourceTree = "<group>"; };
		A3EB3E5D2610F883001CAA55 /* TravelingTypewriter.otf */ = {isa = PBXFileReference; lastKnownFileType = file; path = TravelingTypewriter.otf; sourceTree = "<group>"; };
		A3EB3E77261142C6001CAA55 /* Gradients.swift */ = {isa = PBXFileReference; lastKnownFileType = sourcecode.swift; path = Gradients.swift; sourceTree = "<group>"; };
		A3EB3E7C26115A95001CAA55 /* TypeWriterMenuScrollableSelector.swift */ = {isa = PBXFileReference; lastKnownFileType = sourcecode.swift; path = TypeWriterMenuScrollableSelector.swift; sourceTree = "<group>"; };
		A3FEAF7C2431265600E3701E /* TypingStats.swift */ = {isa = PBXFileReference; fileEncoding = 4; lastKnownFileType = sourcecode.swift; name = TypingStats.swift; path = Typyst/Analytics/TypingStats.swift; sourceTree = SOURCE_ROOT; };
		A3FEAF802431A46100E3701E /* GoogleService-Info.plist */ = {isa = PBXFileReference; fileEncoding = 4; lastKnownFileType = text.plist.xml; path = "GoogleService-Info.plist"; sourceTree = "<group>"; };
		FC0FA5177A310E2800BF87A0 /* Pods-TypystTests.release.xcconfig */ = {isa = PBXFileReference; includeInIndex = 1; lastKnownFileType = text.xcconfig; name = "Pods-TypystTests.release.xcconfig"; path = "Target Support Files/Pods-TypystTests/Pods-TypystTests.release.xcconfig"; sourceTree = "<group>"; };
/* End PBXFileReference section */

/* Begin PBXFrameworksBuildPhase section */
		A32E026E21ED7AD4000DB25F /* Frameworks */ = {
			isa = PBXFrameworksBuildPhase;
			buildActionMask = 2147483647;
			files = (
				3A6E568DDED3B8A20A75F9A6 /* Pods_Typyst.framework in Frameworks */,
			);
			runOnlyForDeploymentPostprocessing = 0;
		};
		A32E028321ED7AD6000DB25F /* Frameworks */ = {
			isa = PBXFrameworksBuildPhase;
			buildActionMask = 2147483647;
			files = (
				C0001C7A825050504B671E9E /* Pods_TypystTests.framework in Frameworks */,
			);
			runOnlyForDeploymentPostprocessing = 0;
		};
		A32E028E21ED7AD6000DB25F /* Frameworks */ = {
			isa = PBXFrameworksBuildPhase;
			buildActionMask = 2147483647;
			files = (
				C161F92979DC3D45436913DB /* Pods_TypystUITests.framework in Frameworks */,
			);
			runOnlyForDeploymentPostprocessing = 0;
		};
/* End PBXFrameworksBuildPhase section */

/* Begin PBXGroup section */
		55FD5B6CEEFCD518BC0F95F6 /* Frameworks */ = {
			isa = PBXGroup;
			children = (
				30591BC0E7626D89DF78C6E7 /* Pods_Typyst.framework */,
				8B4F04AFEC95A797B13769CE /* Pods_TypystTests.framework */,
				211BF0DA1F0933851D97BF9B /* Pods_TypystUITests.framework */,
			);
			name = Frameworks;
			sourceTree = "<group>";
		};
		6EF6B05DD9E391A6004AA183 /* AppUI */ = {
			isa = PBXGroup;
			children = (
				6EF6BB8590160BBC307F576F /* AppUI.swift */,
				6EF6B96574F46C04DCEDEBB0 /* AnalyticsViews */,
				6EF6B604D7842E6776DAB82F /* CoreUI */,
				6EF6B2C5378FD77D33EEABB3 /* Theme */,
				6EF6B0F1ADBA058C8C375C74 /* SwiftUI */,
			);
			path = AppUI;
			sourceTree = "<group>";
		};
		6EF6B0F1ADBA058C8C375C74 /* SwiftUI */ = {
			isa = PBXGroup;
			children = (
				A3CA07F925F9EBD500531611 /* Styles */,
				A360488125F6FC3500E85391 /* Modifiers */,
				A360488025F6FC2F00E85391 /* Views */,
			);
			path = SwiftUI;
			sourceTree = "<group>";
		};
		6EF6B1041299F5F68B974A77 /* TypeWriter Menu */ = {
			isa = PBXGroup;
			children = (
				6EF6B6E9CD2A8981B4D19CBB /* TypeWriterMenuData.swift */,
				6EF6BB59E6139307E0945CAB /* TypeWriterMenu.swift */,
				A3401CFB25FD357400800BA8 /* Header */,
				A3EB3E7B26115A5C001CAA55 /* ScrollableSelector */,
			);
			path = "TypeWriter Menu";
			sourceTree = "<group>";
		};
		6EF6B1285DCCB6B5CCCB0219 /* SwiftTools */ = {
			isa = PBXGroup;
			children = (
				A3C900C625D8C891002E37A0 /* Swift Extensions */,
				6EF6B2FBD67EDD951E8C5A72 /* Keyboard */,
				A3C900C325D8C82C002E37A0 /* System */,
			);
			path = SwiftTools;
			sourceTree = "<group>";
		};
		6EF6B1285EE91FD0E4911760 /* Button */ = {
			isa = PBXGroup;
			children = (
				6EF6B9D6573E0CC11BD7FC8E /* NeumorphicButton.swift */,
			);
			path = Button;
			sourceTree = "<group>";
		};
		6EF6B14611D9227C0B81AF50 /* Settings Menu */ = {
			isa = PBXGroup;
			children = (
				6EF6B1C08BFC6A8A499C4C9A /* SettingsMenu.swift */,
				A3401CFC25FD35A500800BA8 /* Heading */,
				6EF6B7C8AE54C0E832978D3A /* Card */,
			);
			path = "Settings Menu";
			sourceTree = "<group>";
		};
		6EF6B2359B9FA205E0101A5D /* Analytics */ = {
			isa = PBXGroup;
			children = (
				A3FEAF7C2431265600E3701E /* TypingStats.swift */,
				6EF6B0DFBCF0E5FA9BCC3916 /* TimeHelper.swift */,
			);
			name = Analytics;
			path = ../../Typyst/Analytics;
			sourceTree = "<group>";
		};
		6EF6B23B9594B67CDF1A8088 /* SoundUI */ = {
			isa = PBXGroup;
			children = (
				6EF6B9E51419CF7F84B0E783 /* Sounds.swift */,
			);
			path = SoundUI;
			sourceTree = "<group>";
		};
		6EF6B2C5378FD77D33EEABB3 /* Theme */ = {
			isa = PBXGroup;
			children = (
				6EF6BA8DC781A5B5D2196918 /* Colors.swift */,
				A3EB3E77261142C6001CAA55 /* Gradients.swift */,
			);
			path = Theme;
			sourceTree = "<group>";
		};
		6EF6B2FBD67EDD951E8C5A72 /* Keyboard */ = {
			isa = PBXGroup;
			children = (
				6EF6B4A79010AA6EA172B2BE /* KeyEvent.swift */,
				6EF6BB1230A11180AF838642 /* KeyListener.swift */,
				6EF6B1F2868A8D874B7487D6 /* KeySets.swift */,
			);
			path = Keyboard;
			sourceTree = "<group>";
		};
		6EF6B42F214A3E7A838FBB3A /* AnalyticsInfo */ = {
			isa = PBXGroup;
			children = (
				6EF6B2C6733B78312AC9A2A9 /* AnalyticsInfoViewAppKit.swift */,
			);
			path = AnalyticsInfo;
			sourceTree = "<group>";
		};
		6EF6B4588959FEF22E80EBA2 /* Title Card */ = {
			isa = PBXGroup;
			children = (
				6EF6BAC570A48788A9C9339A /* TitleCard.swift */,
				A311CE4625FF2E9A005A437C /* TypeWriterInfo.swift */,
			);
			path = "Title Card";
			sourceTree = "<group>";
		};
		6EF6B4DD0CC27D556AFC2D54 /* BusinessLogic */ = {
			isa = PBXGroup;
			children = (
				6EF6B2359B9FA205E0101A5D /* Analytics */,
				6EF6B51F2A121EB7CAA2A576 /* App */,
				6EF6B660AE9CAB559B1A8A7B /* Errors */,
				6EF6BDB1563D6F2D8209F237 /* TypeWriter */,
			);
			path = BusinessLogic;
			sourceTree = "<group>";
		};
		6EF6B50535323E716DF23D8D /* Settings */ = {
			isa = PBXGroup;
			children = (
				6EF6B91D8A46113ED39CA980 /* VolumeSettingView.swift */,
				6EF6B61F0852DE8E4F985ADA /* TypeWriterSettingsView.swift */,
				6EF6B80EB3C615ED9980CBDE /* AppSettingsView.swift */,
				A3401CF725FD2CE600800BA8 /* EmailButton.swift */,
			);
			path = Settings;
			sourceTree = "<group>";
		};
		6EF6B51F2A121EB7CAA2A576 /* App */ = {
			isa = PBXGroup;
			children = (
				6EF6B986BD58037385A13CD0 /* AppDelegate.swift */,
				6EF6B59C2D29155948D19ED0 /* AppPersistence.swift */,
				6EF6B4DE467CAC8DBE93D4D6 /* AppSettings.swift */,
				6EF6B6746DDB03BC86D2437A /* Core */,
			);
			path = App;
			sourceTree = "<group>";
		};
		6EF6B548E86078FE7E4901C5 /* InfoView */ = {
			isa = PBXGroup;
			children = (
				6EF6B116AFC61FBBFEDB8696 /* AnalyticsInfoView.swift */,
				6EF6B7C58A572413E7EF1F12 /* AnalyticsInfoViewModel.swift */,
			);
			path = InfoView;
			sourceTree = "<group>";
		};
		6EF6B54D0840573DDE9C8B50 /* MenuItems */ = {
			isa = PBXGroup;
			children = (
				6EF6B1A9A6DE5E4F1DF34DD8 /* AnalyticsSettings.swift */,
				6EF6B96AF3CFC1E06FE8E49A /* AppSettingsMenuItems.swift */,
				6EF6BA6605B457790F399538 /* CoreMenuItems.swift */,
				6EF6BE1B7FFF5E36DACCAF4A /* TypeWriters.swift */,
				6EF6BBC1AA3FE42FDF845CED /* TypeWriterSettings.swift */,
				6EF6B4B95C3B08E8A83C6E54 /* VolumeSettings.swift */,
			);
			path = MenuItems;
			sourceTree = "<group>";
		};
		6EF6B5D2D054415535D108CF /* InfoControls */ = {
			isa = PBXGroup;
			children = (
				6EF6B56F3EF9254570502A23 /* AnalyticsInfoControls.swift */,
				6EF6BE51F293A103B34B8DF2 /* AnalyticsInfoControlButton.swift */,
			);
			path = InfoControls;
			sourceTree = "<group>";
		};
		6EF6B604D7842E6776DAB82F /* CoreUI */ = {
			isa = PBXGroup;
			children = (
				6EF6BE2D5A642A22078B47A8 /* Alerts */,
				6EF6B72C44784C153898FB70 /* App Menu */,
				6EF6BA10AC689961F8AB4EB7 /* App Window */,
			);
			path = CoreUI;
			sourceTree = "<group>";
		};
		6EF6B660AE9CAB559B1A8A7B /* Errors */ = {
			isa = PBXGroup;
			children = (
				6EF6B38665A653B2213CCC13 /* SoundError.swift */,
			);
			path = Errors;
			sourceTree = "<group>";
		};
		6EF6B6746DDB03BC86D2437A /* Core */ = {
			isa = PBXGroup;
			children = (
				6EF6B566D0D0210CAB5A4862 /* App.swift */,
				6EF6B1A05FFC2CFC5F2FA2BB /* System.swift */,
				6EF6BCF08FA855B522512059 /* Core.swift */,
			);
			path = Core;
			sourceTree = "<group>";
		};
		6EF6B72C44784C153898FB70 /* App Menu */ = {
			isa = PBXGroup;
			children = (
				6EF6B0E2AEA1C73556F648D5 /* AppMenu.swift */,
				6EF6B54D0840573DDE9C8B50 /* MenuItems */,
			);
			path = "App Menu";
			sourceTree = "<group>";
		};
		6EF6B77C50EDC43AE432A519 /* AnalyticsInfo */ = {
			isa = PBXGroup;
			children = (
				A37127482605340B00E54C0A /* AnalyticsInfoCard.swift */,
				6EF6BF9C9F00B0AF1F4F88E0 /* AnalyticsInfoCardViewModel.swift */,
				6EF6B5D2D054415535D108CF /* InfoControls */,
				6EF6B548E86078FE7E4901C5 /* InfoView */,
			);
			path = AnalyticsInfo;
			sourceTree = "<group>";
		};
		6EF6B7C8AE54C0E832978D3A /* Card */ = {
			isa = PBXGroup;
			children = (
				6EF6B50535323E716DF23D8D /* Settings */,
				6EF6B13809F0D6C60061D5A5 /* SettingsCard.swift */,
				6EF6B3BBA28CC0D944A042CF /* SettingToggle.swift */,
			);
			path = Card;
			sourceTree = "<group>";
		};
		6EF6B96574F46C04DCEDEBB0 /* AnalyticsViews */ = {
			isa = PBXGroup;
			children = (
				6EF6B42F214A3E7A838FBB3A /* AnalyticsInfo */,
			);
			path = AnalyticsViews;
			sourceTree = "<group>";
		};
		6EF6BA10AC689961F8AB4EB7 /* App Window */ = {
			isa = PBXGroup;
			children = (
				6EF6BCE331C6B01A985F3C1C /* AppWindow.swift */,
				A341BA0125FCA68B00F85E7A /* MainView.swift */,
				6EF6BA6FD1B28136004D1DAE /* Views */,
			);
			path = "App Window";
			sourceTree = "<group>";
		};
		6EF6BA6FD1B28136004D1DAE /* Views */ = {
			isa = PBXGroup;
			children = (
				A3401D0125FD4FCB00800BA8 /* Typyst.swift */,
				6EF6B4588959FEF22E80EBA2 /* Title Card */,
				6EF6B77C50EDC43AE432A519 /* AnalyticsInfo */,
				6EF6B1041299F5F68B974A77 /* TypeWriter Menu */,
				6EF6B14611D9227C0B81AF50 /* Settings Menu */,
			);
			path = Views;
			sourceTree = "<group>";
		};
		6EF6BA7B839FBF3502C626E8 /* Card */ = {
			isa = PBXGroup;
			children = (
				6EF6B523C3D943017AF709D5 /* TypeWriterCard.swift */,
				6EF6BB40DA12CF283CB1618F /* TypeWriterCardHeader.swift */,
				6EF6B6A0436E11253176C46C /* TypeWriterCardImageButton.swift */,
				6EF6B7C8D193DE249ED28BC5 /* TypeWriterCardBody.swift */,
			);
			path = Card;
			sourceTree = "<group>";
		};
		6EF6BBCA8379436A45712B7E /* Shadows */ = {
			isa = PBXGroup;
			children = (
				6EF6BF406861B81AB15548FD /* NeumorphicShadow.swift */,
			);
			path = Shadows;
			sourceTree = "<group>";
		};
		6EF6BDB1563D6F2D8209F237 /* TypeWriter */ = {
			isa = PBXGroup;
			children = (
				6EF6B36234D56CBA9D7D6FC0 /* TypeWriter.swift */,
				6EF6B0108A0611524016A5CC /* TypeWriterKeyLogic.swift */,
				6EF6B9E74515C9B0AA388E23 /* TypeWriterState.swift */,
				6EF6BA9DBB351FE781635AAF /* TypeWriterModel.swift */,
			);
			path = TypeWriter;
			sourceTree = "<group>";
		};
		6EF6BE2D5A642A22078B47A8 /* Alerts */ = {
			isa = PBXGroup;
			children = (
				6EF6B7A016561575639B7FFC /* Alert.swift */,
				6EF6B11AD280910B9FC3271B /* ErrorAlerts.swift */,
				6EF6BE5034B17E7759F7958E /* KeyboardAccessibilityAlerts.swift */,
				6EF6B3CCAC98A411A6E62270 /* UserInfoAlerts.swift */,
			);
			path = Alerts;
			sourceTree = "<group>";
		};
		A32E026821ED7AD4000DB25F = {
			isa = PBXGroup;
			children = (
				A32E027321ED7AD4000DB25F /* Typyst */,
				A32E028921ED7AD6000DB25F /* TypystTests */,
				A32E029421ED7AD6000DB25F /* TypystUITests */,
				A32E027221ED7AD4000DB25F /* Products */,
				A9AC5CCFF9BA36E17FC84111 /* Pods */,
				6EF6BAEE227912C1ADA5F03B /* README.md */,
				55FD5B6CEEFCD518BC0F95F6 /* Frameworks */,
			);
			sourceTree = "<group>";
		};
		A32E027221ED7AD4000DB25F /* Products */ = {
			isa = PBXGroup;
			children = (
				A32E027121ED7AD4000DB25F /* Typyst.app */,
				A32E028621ED7AD6000DB25F /* TypystTests.xctest */,
				A32E029121ED7AD6000DB25F /* TypystUITests.xctest */,
			);
			name = Products;
			sourceTree = "<group>";
		};
		A32E027321ED7AD4000DB25F /* Typyst */ = {
			isa = PBXGroup;
			children = (
				A3EB3E5A2610F84D001CAA55 /* Fonts */,
				A3C900BE25D8C627002E37A0 /* Logic */,
				A32E02A721EE9DA7000DB25F /* Soundsets */,
				A32E027B21ED7AD6000DB25F /* Assets.xcassets */,
				A32E027D21ED7AD6000DB25F /* Main.storyboard */,
				A3FEAF802431A46100E3701E /* GoogleService-Info.plist */,
				A32E028021ED7AD6000DB25F /* Info.plist */,
				A32E028121ED7AD6000DB25F /* Typyst.entitlements */,
			);
			path = Typyst;
			sourceTree = "<group>";
		};
		A32E028921ED7AD6000DB25F /* TypystTests */ = {
			isa = PBXGroup;
			children = (
				A32E028A21ED7AD6000DB25F /* TypystTests.swift */,
				A32E028C21ED7AD6000DB25F /* Info.plist */,
			);
			path = TypystTests;
			sourceTree = "<group>";
		};
		A32E029421ED7AD6000DB25F /* TypystUITests */ = {
			isa = PBXGroup;
			children = (
				A32E029521ED7AD6000DB25F /* TypystUITests.swift */,
				A32E029721ED7AD6000DB25F /* Info.plist */,
			);
			path = TypystUITests;
			sourceTree = "<group>";
		};
		A3401CFB25FD357400800BA8 /* Header */ = {
			isa = PBXGroup;
			children = (
				6EF6BB7A7CEFB47D37DDF331 /* TypeWriterMenuHeader.swift */,
			);
			path = Header;
			sourceTree = "<group>";
		};
		A3401CFC25FD35A500800BA8 /* Heading */ = {
			isa = PBXGroup;
			children = (
				6EF6B1C830AC21FA2623213D /* SettingsMenuHeader.swift */,
			);
			path = Heading;
			sourceTree = "<group>";
		};
		A360488025F6FC2F00E85391 /* Views */ = {
			isa = PBXGroup;
			children = (
				A3052A6826034D160001E414 /* ViewExtension.swift */,
			);
			path = Views;
			sourceTree = "<group>";
		};
		A360488125F6FC3500E85391 /* Modifiers */ = {
			isa = PBXGroup;
			children = (
				6EF6B137B72806C6B26A0F54 /* Card.swift */,
				A330984925FC9E7300DFAA64 /* CardHeader.swift */,
				6EF6B9295E6583F4A8FA6782 /* Font.swift */,
				A330984525FC9E0000DFAA64 /* Labels.swift */,
				6EF6B1285EE91FD0E4911760 /* Button */,
				6EF6BBCA8379436A45712B7E /* Shadows */,
			);
			path = Modifiers;
			sourceTree = "<group>";
		};
		A3C900BE25D8C627002E37A0 /* Logic */ = {
			isa = PBXGroup;
			children = (
				6EF6B1285DCCB6B5CCCB0219 /* SwiftTools */,
				6EF6B4DD0CC27D556AFC2D54 /* BusinessLogic */,
				A3C900BF25D8C63D002E37A0 /* UI */,
			);
			path = Logic;
			sourceTree = "<group>";
		};
		A3C900BF25D8C63D002E37A0 /* UI */ = {
			isa = PBXGroup;
			children = (
				6EF6B05DD9E391A6004AA183 /* AppUI */,
				6EF6B23B9594B67CDF1A8088 /* SoundUI */,
			);
			path = UI;
			sourceTree = "<group>";
		};
		A3C900C325D8C82C002E37A0 /* System */ = {
			isa = PBXGroup;
			children = (
				6EF6B8B8CC1AA2789818CA2D /* RepeatingTimer.swift */,
				6EF6B67994B43EA8D67C6068 /* SystemFunctions.swift */,
			);
			path = System;
			sourceTree = "<group>";
		};
		A3C900C625D8C891002E37A0 /* Swift Extensions */ = {
			isa = PBXGroup;
			children = (
				6EF6BCB1662C8049440D7965 /* NSEventExtension.swift */,
				A3E37276242DA2D7000C588E /* SwiftExtensions.swift */,
			);
			path = "Swift Extensions";
			sourceTree = "<group>";
		};
		A3CA07F925F9EBD500531611 /* Styles */ = {
			isa = PBXGroup;
			children = (
				A3CA07FA25F9EBF200531611 /* Styles.swift */,
			);
			path = Styles;
			sourceTree = "<group>";
		};
		A3EB3E5A2610F84D001CAA55 /* Fonts */ = {
			isa = PBXGroup;
			children = (
				A3EB3E5D2610F883001CAA55 /* TravelingTypewriter.otf */,
				A3EB3E5B2610F859001CAA55 /* AmericanTypewriter.ttc */,
				A3EB3E5C2610F875001CAA55 /* 1942.ttf */,
			);
			path = Fonts;
			sourceTree = "<group>";
		};
		A3EB3E7B26115A5C001CAA55 /* ScrollableSelector */ = {
			isa = PBXGroup;
			children = (
				A3EB3E7C26115A95001CAA55 /* TypeWriterMenuScrollableSelector.swift */,
				6EF6BA7B839FBF3502C626E8 /* Card */,
			);
			path = ScrollableSelector;
			sourceTree = "<group>";
		};
		A9AC5CCFF9BA36E17FC84111 /* Pods */ = {
			isa = PBXGroup;
			children = (
				3322DD0E520F55C17C1B0485 /* Pods-Typyst.debug.xcconfig */,
				9F6A1EA2C2D8F29962F3118D /* Pods-Typyst.release.xcconfig */,
				5115E3EE4F09E3B2EC90C9B6 /* Pods-TypystTests.debug.xcconfig */,
				FC0FA5177A310E2800BF87A0 /* Pods-TypystTests.release.xcconfig */,
				3040365D7D9AA6BAA0C90ED7 /* Pods-TypystUITests.debug.xcconfig */,
				2070F2D4CCB71F1F678CB35C /* Pods-TypystUITests.release.xcconfig */,
			);
			path = Pods;
			sourceTree = "<group>";
		};
/* End PBXGroup section */

/* Begin PBXNativeTarget section */
		A32E027021ED7AD4000DB25F /* Typyst */ = {
			isa = PBXNativeTarget;
			buildConfigurationList = A32E029A21ED7AD6000DB25F /* Build configuration list for PBXNativeTarget "Typyst" */;
			buildPhases = (
				CC3216163E383D9EFC948E8E /* [CP] Check Pods Manifest.lock */,
				A32E026D21ED7AD4000DB25F /* Sources */,
				A32E026E21ED7AD4000DB25F /* Frameworks */,
				A32E026F21ED7AD4000DB25F /* Resources */,
				A3DA92932429BDF200989EF4 /* Embed Frameworks */,
				90B67D507E4C5DBF3E88DE17 /* [CP] Embed Pods Frameworks */,
			);
			buildRules = (
			);
			dependencies = (
			);
			name = Typyst;
			productName = Typyst;
			productReference = A32E027121ED7AD4000DB25F /* Typyst.app */;
			productType = "com.apple.product-type.application";
		};
		A32E028521ED7AD6000DB25F /* TypystTests */ = {
			isa = PBXNativeTarget;
			buildConfigurationList = A32E029D21ED7AD6000DB25F /* Build configuration list for PBXNativeTarget "TypystTests" */;
			buildPhases = (
				BF1B4212298D05B2C9FF62B4 /* [CP] Check Pods Manifest.lock */,
				A32E028221ED7AD6000DB25F /* Sources */,
				A32E028321ED7AD6000DB25F /* Frameworks */,
				A32E028421ED7AD6000DB25F /* Resources */,
			);
			buildRules = (
			);
			dependencies = (
				A32E028821ED7AD6000DB25F /* PBXTargetDependency */,
			);
			name = TypystTests;
			productName = TypystTests;
			productReference = A32E028621ED7AD6000DB25F /* TypystTests.xctest */;
			productType = "com.apple.product-type.bundle.unit-test";
		};
		A32E029021ED7AD6000DB25F /* TypystUITests */ = {
			isa = PBXNativeTarget;
			buildConfigurationList = A32E02A021ED7AD6000DB25F /* Build configuration list for PBXNativeTarget "TypystUITests" */;
			buildPhases = (
				764B8DBC9FFFE0718A12DA49 /* [CP] Check Pods Manifest.lock */,
				A32E028D21ED7AD6000DB25F /* Sources */,
				A32E028E21ED7AD6000DB25F /* Frameworks */,
				A32E028F21ED7AD6000DB25F /* Resources */,
			);
			buildRules = (
			);
			dependencies = (
				A32E029321ED7AD6000DB25F /* PBXTargetDependency */,
			);
			name = TypystUITests;
			productName = TypystUITests;
			productReference = A32E029121ED7AD6000DB25F /* TypystUITests.xctest */;
			productType = "com.apple.product-type.bundle.ui-testing";
		};
/* End PBXNativeTarget section */

/* Begin PBXProject section */
		A32E026921ED7AD4000DB25F /* Project object */ = {
			isa = PBXProject;
			attributes = {
				KnownAssetTags = (
					New,
				);
				LastSwiftUpdateCheck = 1010;
				LastUpgradeCheck = 1200;
				ORGANIZATIONNAME = wickedPropeller;
				TargetAttributes = {
					A32E027021ED7AD4000DB25F = {
						CreatedOnToolsVersion = 10.1;
						LastSwiftMigration = 1020;
						SystemCapabilities = {
							com.apple.ApplicationGroups.Mac = {
								enabled = 0;
							};
							com.apple.HardenedRuntime = {
								enabled = 1;
							};
							com.apple.Keychain = {
								enabled = 1;
							};
							com.apple.Sandbox = {
								enabled = 1;
							};
						};
					};
					A32E028521ED7AD6000DB25F = {
						CreatedOnToolsVersion = 10.1;
						TestTargetID = A32E027021ED7AD4000DB25F;
					};
					A32E029021ED7AD6000DB25F = {
						CreatedOnToolsVersion = 10.1;
						TestTargetID = A32E027021ED7AD4000DB25F;
					};
				};
			};
			buildConfigurationList = A32E026C21ED7AD4000DB25F /* Build configuration list for PBXProject "Typyst" */;
			compatibilityVersion = "Xcode 10.0";
			developmentRegion = en;
			hasScannedForEncodings = 0;
			knownRegions = (
				en,
				Base,
			);
			mainGroup = A32E026821ED7AD4000DB25F;
			productRefGroup = A32E027221ED7AD4000DB25F /* Products */;
			projectDirPath = "";
			projectRoot = "";
			targets = (
				A32E027021ED7AD4000DB25F /* Typyst */,
				A32E028521ED7AD6000DB25F /* TypystTests */,
				A32E029021ED7AD6000DB25F /* TypystUITests */,
			);
		};
/* End PBXProject section */

/* Begin PBXResourcesBuildPhase section */
		A32E026F21ED7AD4000DB25F /* Resources */ = {
			isa = PBXResourcesBuildPhase;
			buildActionMask = 2147483647;
			files = (
				A3C92B6023FD15D700D84A6C /* Soundsets in Resources */,
				A32E027C21ED7AD6000DB25F /* Assets.xcassets in Resources */,
				A3FEAF812431A46100E3701E /* GoogleService-Info.plist in Resources */,
				A32E027F21ED7AD6000DB25F /* Main.storyboard in Resources */,
			);
			runOnlyForDeploymentPostprocessing = 0;
		};
		A32E028421ED7AD6000DB25F /* Resources */ = {
			isa = PBXResourcesBuildPhase;
			buildActionMask = 2147483647;
			files = (
			);
			runOnlyForDeploymentPostprocessing = 0;
		};
		A32E028F21ED7AD6000DB25F /* Resources */ = {
			isa = PBXResourcesBuildPhase;
			buildActionMask = 2147483647;
			files = (
			);
			runOnlyForDeploymentPostprocessing = 0;
		};
/* End PBXResourcesBuildPhase section */

/* Begin PBXShellScriptBuildPhase section */
		764B8DBC9FFFE0718A12DA49 /* [CP] Check Pods Manifest.lock */ = {
			isa = PBXShellScriptBuildPhase;
			buildActionMask = 2147483647;
			files = (
			);
			inputFileListPaths = (
			);
			inputPaths = (
				"${PODS_PODFILE_DIR_PATH}/Podfile.lock",
				"${PODS_ROOT}/Manifest.lock",
			);
			name = "[CP] Check Pods Manifest.lock";
			outputFileListPaths = (
			);
			outputPaths = (
				"$(DERIVED_FILE_DIR)/Pods-TypystUITests-checkManifestLockResult.txt",
			);
			runOnlyForDeploymentPostprocessing = 0;
			shellPath = /bin/sh;
			shellScript = "diff \"${PODS_PODFILE_DIR_PATH}/Podfile.lock\" \"${PODS_ROOT}/Manifest.lock\" > /dev/null\nif [ $? != 0 ] ; then\n    # print error to STDERR\n    echo \"error: The sandbox is not in sync with the Podfile.lock. Run 'pod install' or update your CocoaPods installation.\" >&2\n    exit 1\nfi\n# This output is used by Xcode 'outputs' to avoid re-running this script phase.\necho \"SUCCESS\" > \"${SCRIPT_OUTPUT_FILE_0}\"\n";
			showEnvVarsInLog = 0;
		};
		90B67D507E4C5DBF3E88DE17 /* [CP] Embed Pods Frameworks */ = {
			isa = PBXShellScriptBuildPhase;
			buildActionMask = 2147483647;
			files = (
			);
			inputFileListPaths = (
				"${PODS_ROOT}/Target Support Files/Pods-Typyst/Pods-Typyst-frameworks-${CONFIGURATION}-input-files.xcfilelist",
			);
			name = "[CP] Embed Pods Frameworks";
			outputFileListPaths = (
				"${PODS_ROOT}/Target Support Files/Pods-Typyst/Pods-Typyst-frameworks-${CONFIGURATION}-output-files.xcfilelist",
			);
			runOnlyForDeploymentPostprocessing = 0;
			shellPath = /bin/sh;
			shellScript = "\"${PODS_ROOT}/Target Support Files/Pods-Typyst/Pods-Typyst-frameworks.sh\"\n";
			showEnvVarsInLog = 0;
		};
		BF1B4212298D05B2C9FF62B4 /* [CP] Check Pods Manifest.lock */ = {
			isa = PBXShellScriptBuildPhase;
			buildActionMask = 2147483647;
			files = (
			);
			inputFileListPaths = (
			);
			inputPaths = (
				"${PODS_PODFILE_DIR_PATH}/Podfile.lock",
				"${PODS_ROOT}/Manifest.lock",
			);
			name = "[CP] Check Pods Manifest.lock";
			outputFileListPaths = (
			);
			outputPaths = (
				"$(DERIVED_FILE_DIR)/Pods-TypystTests-checkManifestLockResult.txt",
			);
			runOnlyForDeploymentPostprocessing = 0;
			shellPath = /bin/sh;
			shellScript = "diff \"${PODS_PODFILE_DIR_PATH}/Podfile.lock\" \"${PODS_ROOT}/Manifest.lock\" > /dev/null\nif [ $? != 0 ] ; then\n    # print error to STDERR\n    echo \"error: The sandbox is not in sync with the Podfile.lock. Run 'pod install' or update your CocoaPods installation.\" >&2\n    exit 1\nfi\n# This output is used by Xcode 'outputs' to avoid re-running this script phase.\necho \"SUCCESS\" > \"${SCRIPT_OUTPUT_FILE_0}\"\n";
			showEnvVarsInLog = 0;
		};
		CC3216163E383D9EFC948E8E /* [CP] Check Pods Manifest.lock */ = {
			isa = PBXShellScriptBuildPhase;
			buildActionMask = 2147483647;
			files = (
			);
			inputFileListPaths = (
			);
			inputPaths = (
				"${PODS_PODFILE_DIR_PATH}/Podfile.lock",
				"${PODS_ROOT}/Manifest.lock",
			);
			name = "[CP] Check Pods Manifest.lock";
			outputFileListPaths = (
			);
			outputPaths = (
				"$(DERIVED_FILE_DIR)/Pods-Typyst-checkManifestLockResult.txt",
			);
			runOnlyForDeploymentPostprocessing = 0;
			shellPath = /bin/sh;
			shellScript = "diff \"${PODS_PODFILE_DIR_PATH}/Podfile.lock\" \"${PODS_ROOT}/Manifest.lock\" > /dev/null\nif [ $? != 0 ] ; then\n    # print error to STDERR\n    echo \"error: The sandbox is not in sync with the Podfile.lock. Run 'pod install' or update your CocoaPods installation.\" >&2\n    exit 1\nfi\n# This output is used by Xcode 'outputs' to avoid re-running this script phase.\necho \"SUCCESS\" > \"${SCRIPT_OUTPUT_FILE_0}\"\n";
			showEnvVarsInLog = 0;
		};
/* End PBXShellScriptBuildPhase section */

/* Begin PBXSourcesBuildPhase section */
		A32E026D21ED7AD4000DB25F /* Sources */ = {
			isa = PBXSourcesBuildPhase;
			buildActionMask = 2147483647;
			files = (
				6EF6B5EEB1FD683AC1C9F989 /* README.md in Sources */,
				6EF6B291856F96C6ADE78DC7 /* AppDelegate.swift in Sources */,
				A3E37277242DA2D7000C588E /* SwiftExtensions.swift in Sources */,
				6EF6B8FBA86B026650877B2E /* AppPersistence.swift in Sources */,
				6EF6B84D1671F5B68875C888 /* Sounds.swift in Sources */,
				6EF6BBB466B54B4B1E1A5E4D /* TypeWriter.swift in Sources */,
				6EF6B3D45A7E0C591528643D /* KeyListener.swift in Sources */,
				A3FEAF7D2431265600E3701E /* TypingStats.swift in Sources */,
				A3401CF825FD2CE600800BA8 /* EmailButton.swift in Sources */,
				A3052A6926034D160001E414 /* ViewExtension.swift in Sources */,
				6EF6B6517B63B26BF04195F4 /* KeySets.swift in Sources */,
				A3EB3E7D26115A95001CAA55 /* TypeWriterMenuScrollableSelector.swift in Sources */,
				6EF6BBEE457E9F38B3926A06 /* SoundError.swift in Sources */,
				6EF6B3AB92FC26EF6EA2A8C3 /* AppSettings.swift in Sources */,
				6EF6B57CBE2891C1D64792FA /* RepeatingTimer.swift in Sources */,
				6EF6B77FF0258BFFF10EF9EB /* SystemFunctions.swift in Sources */,
				A3CA07FB25F9EBF200531611 /* Styles.swift in Sources */,
				6EF6BB75E59D5CA596CE9AC1 /* NSEventExtension.swift in Sources */,
				6EF6BE453456672AC26A2B55 /* AppUI.swift in Sources */,
				6EF6BD90D1FB9363A880C30E /* TypeWriterState.swift in Sources */,
				6EF6B4CA1C0F6D359CFAEB12 /* TypeWriterKeyLogic.swift in Sources */,
				A37127492605340B00E54C0A /* AnalyticsInfoCard.swift in Sources */,
				A341BA0225FCA68B00F85E7A /* MainView.swift in Sources */,
				6EF6B1A3B02D25B9C2AFE5B0 /* KeyEvent.swift in Sources */,
				A330984625FC9E0000DFAA64 /* Labels.swift in Sources */,
				6EF6BD3F95123D40A461C9C4 /* App.swift in Sources */,
				6EF6B6DCB305E07BB9CD8A2C /* System.swift in Sources */,
				6EF6B905F9946A6AE0FE21DE /* Core.swift in Sources */,
				A330984A25FC9E7300DFAA64 /* CardHeader.swift in Sources */,
				6EF6BA3422B21A894F9E6032 /* Alert.swift in Sources */,
				6EF6BA7BBFA6F1FFA29CBCEF /* KeyboardAccessibilityAlerts.swift in Sources */,
				6EF6B75EB30A63F6EFF60155 /* ErrorAlerts.swift in Sources */,
				6EF6B062D73DCD9E5B15969B /* UserInfoAlerts.swift in Sources */,
				6EF6BA3FBD32A2F7532501AE /* AppMenu.swift in Sources */,
				6EF6B42C7FD0063622D00F18 /* TypeWriters.swift in Sources */,
				6EF6BB48FEDF0DE098517262 /* TypeWriterSettings.swift in Sources */,
				6EF6B8817C44530F59E75272 /* AppSettingsMenuItems.swift in Sources */,
				6EF6BE15A4240765FB58D5D3 /* VolumeSettings.swift in Sources */,
				A3401D0225FD4FCB00800BA8 /* Typyst.swift in Sources */,
				6EF6B69042E8A8BDE66F81BC /* AnalyticsSettings.swift in Sources */,
				6EF6BB542F18D78A4E4ED489 /* CoreMenuItems.swift in Sources */,
				6EF6B0C17E5026CC9489A3CE /* AppWindow.swift in Sources */,
				6EF6B5440549C4FE7C559058 /* Colors.swift in Sources */,
				6EF6B06D7A98A309A64A0F99 /* Card.swift in Sources */,
				6EF6B07030E073645F9BC6D2 /* TitleCard.swift in Sources */,
				6EF6B2BD6DEFF5CFD40018FC /* TypeWriterMenu.swift in Sources */,
				6EF6B042463441402C0A69A0 /* TypeWriterMenuData.swift in Sources */,
				6EF6B54D7BD7608C2F381A5F /* TypeWriterCardBody.swift in Sources */,
				6EF6B4C09A5428A8B064B014 /* TypeWriterCardImageButton.swift in Sources */,
				6EF6B7CA343D1B175D82C5E0 /* TypeWriterCardHeader.swift in Sources */,
				6EF6BDD1088F0250BB6FFCE9 /* TypeWriterMenuHeader.swift in Sources */,
				6EF6B180FB839A4815FEA239 /* VolumeSettingView.swift in Sources */,
				A311CE4725FF2E9A005A437C /* TypeWriterInfo.swift in Sources */,
				6EF6B03DAE57BE77E0C3935F /* TypeWriterSettingsView.swift in Sources */,
				6EF6BC76BF849709B546E6F7 /* AppSettingsView.swift in Sources */,
				6EF6B010AE5C22BEAC060772 /* SettingsCard.swift in Sources */,
				6EF6B14C6ACB40656FA6A297 /* SettingToggle.swift in Sources */,
				6EF6BF8B5D647C461D11C97D /* SettingsMenu.swift in Sources */,
				6EF6B6B8BECB29294CB1EEE9 /* SettingsMenuHeader.swift in Sources */,
				6EF6B695F1702CE15617AD63 /* TypeWriterCard.swift in Sources */,
				6EF6B593F07ACE7F9F5B6C6B /* AnalyticsInfoViewAppKit.swift in Sources */,
				6EF6B4847F6648E51458D516 /* TimeHelper.swift in Sources */,
				A3EB3E78261142C6001CAA55 /* Gradients.swift in Sources */,
				6EF6B1053CCE2239D055346D /* AnalyticsInfoControls.swift in Sources */,
				6EF6B5D12C2FF3365AE00381 /* AnalyticsInfoView.swift in Sources */,
				6EF6BE68817C83259677255C /* AnalyticsInfoControlButton.swift in Sources */,
				6EF6BC5545312F8853CFB3AA /* NeumorphicButton.swift in Sources */,
				6EF6B4F8757B86CF2987E4ED /* NeumorphicShadow.swift in Sources */,
				6EF6B738E5610540B268328A /* AnalyticsInfoCardViewModel.swift in Sources */,
				6EF6B9A8E114479469053165 /* AnalyticsInfoViewModel.swift in Sources */,
				6EF6B29B727DE417EF269B46 /* Font.swift in Sources */,
				6EF6BD41680C93EFC4939BA2 /* TypeWriterModel.swift in Sources */,
			);
			runOnlyForDeploymentPostprocessing = 0;
		};
		A32E028221ED7AD6000DB25F /* Sources */ = {
			isa = PBXSourcesBuildPhase;
			buildActionMask = 2147483647;
			files = (
				A32E028B21ED7AD6000DB25F /* TypystTests.swift in Sources */,
			);
			runOnlyForDeploymentPostprocessing = 0;
		};
		A32E028D21ED7AD6000DB25F /* Sources */ = {
			isa = PBXSourcesBuildPhase;
			buildActionMask = 2147483647;
			files = (
				A32E029621ED7AD6000DB25F /* TypystUITests.swift in Sources */,
			);
			runOnlyForDeploymentPostprocessing = 0;
		};
/* End PBXSourcesBuildPhase section */

/* Begin PBXTargetDependency section */
		A32E028821ED7AD6000DB25F /* PBXTargetDependency */ = {
			isa = PBXTargetDependency;
			target = A32E027021ED7AD4000DB25F /* Typyst */;
			targetProxy = A32E028721ED7AD6000DB25F /* PBXContainerItemProxy */;
		};
		A32E029321ED7AD6000DB25F /* PBXTargetDependency */ = {
			isa = PBXTargetDependency;
			target = A32E027021ED7AD4000DB25F /* Typyst */;
			targetProxy = A32E029221ED7AD6000DB25F /* PBXContainerItemProxy */;
		};
/* End PBXTargetDependency section */

/* Begin PBXVariantGroup section */
		A32E027D21ED7AD6000DB25F /* Main.storyboard */ = {
			isa = PBXVariantGroup;
			children = (
				A32E027E21ED7AD6000DB25F /* Base */,
			);
			name = Main.storyboard;
			sourceTree = "<group>";
		};
/* End PBXVariantGroup section */

/* Begin XCBuildConfiguration section */
		A32E029821ED7AD6000DB25F /* Debug */ = {
			isa = XCBuildConfiguration;
			buildSettings = {
				ALWAYS_SEARCH_USER_PATHS = YES;
				CLANG_ANALYZER_NONNULL = YES;
				CLANG_ANALYZER_NUMBER_OBJECT_CONVERSION = YES_AGGRESSIVE;
				CLANG_CXX_LANGUAGE_STANDARD = "gnu++17";
				CLANG_CXX_LIBRARY = "compiler-default";
				CLANG_ENABLE_MODULES = YES;
				CLANG_ENABLE_OBJC_ARC = YES;
				CLANG_ENABLE_OBJC_WEAK = YES;
				CLANG_WARN_BLOCK_CAPTURE_AUTORELEASING = YES;
				CLANG_WARN_BOOL_CONVERSION = YES;
				CLANG_WARN_COMMA = YES;
				CLANG_WARN_CONSTANT_CONVERSION = YES;
				CLANG_WARN_DEPRECATED_OBJC_IMPLEMENTATIONS = YES;
				CLANG_WARN_DIRECT_OBJC_ISA_USAGE = YES_ERROR;
				CLANG_WARN_DOCUMENTATION_COMMENTS = YES;
				CLANG_WARN_EMPTY_BODY = YES;
				CLANG_WARN_ENUM_CONVERSION = YES;
				CLANG_WARN_INFINITE_RECURSION = YES;
				CLANG_WARN_INT_CONVERSION = YES;
				CLANG_WARN_NON_LITERAL_NULL_CONVERSION = YES;
				CLANG_WARN_OBJC_IMPLICIT_RETAIN_SELF = YES;
				CLANG_WARN_OBJC_LITERAL_CONVERSION = YES;
				CLANG_WARN_OBJC_ROOT_CLASS = YES_ERROR;
				CLANG_WARN_QUOTED_INCLUDE_IN_FRAMEWORK_HEADER = YES;
				CLANG_WARN_RANGE_LOOP_ANALYSIS = YES;
				CLANG_WARN_STRICT_PROTOTYPES = YES;
				CLANG_WARN_SUSPICIOUS_MOVE = YES;
				CLANG_WARN_UNGUARDED_AVAILABILITY = YES_AGGRESSIVE;
				CLANG_WARN_UNREACHABLE_CODE = YES;
				CLANG_WARN__DUPLICATE_METHOD_MATCH = YES;
				CODE_SIGN_IDENTITY = "Mac Developer";
				COPY_PHASE_STRIP = NO;
				DEBUG_INFORMATION_FORMAT = dwarf;
				ENABLE_NS_ASSERTIONS = YES;
				ENABLE_STRICT_OBJC_MSGSEND = YES;
				ENABLE_TESTABILITY = YES;
				GCC_C_LANGUAGE_STANDARD = "compiler-default";
				GCC_DYNAMIC_NO_PIC = YES;
				GCC_NO_COMMON_BLOCKS = YES;
				GCC_OPTIMIZATION_LEVEL = 0;
				GCC_PREPROCESSOR_DEFINITIONS = (
					"DEBUG=1",
					"$(inherited)",
				);
				GCC_WARN_64_TO_32_BIT_CONVERSION = YES;
				GCC_WARN_ABOUT_RETURN_TYPE = YES_ERROR;
				GCC_WARN_UNDECLARED_SELECTOR = YES;
				GCC_WARN_UNINITIALIZED_AUTOS = YES_AGGRESSIVE;
				GCC_WARN_UNUSED_FUNCTION = YES;
				GCC_WARN_UNUSED_VARIABLE = YES;
				LLVM_LTO = YES_THIN;
				MACH_O_TYPE = mh_execute;
				MACOSX_DEPLOYMENT_TARGET = 11.0;
				MTL_ENABLE_DEBUG_INFO = INCLUDE_SOURCE;
				MTL_FAST_MATH = YES;
				ONLY_ACTIVE_ARCH = YES;
				OTHER_LDFLAGS = "-fsanitize=undefined";
				SDKROOT = macosx;
				SWIFT_ACTIVE_COMPILATION_CONDITIONS = DEBUG;
				SWIFT_COMPILATION_MODE = singlefile;
				SWIFT_OPTIMIZATION_LEVEL = "-Onone";
			};
			name = Debug;
		};
		A32E029921ED7AD6000DB25F /* Release */ = {
			isa = XCBuildConfiguration;
			buildSettings = {
				ALWAYS_SEARCH_USER_PATHS = YES;
				CLANG_ANALYZER_NONNULL = YES;
				CLANG_ANALYZER_NUMBER_OBJECT_CONVERSION = YES_AGGRESSIVE;
				CLANG_CXX_LANGUAGE_STANDARD = "gnu++17";
				CLANG_CXX_LIBRARY = "compiler-default";
				CLANG_ENABLE_MODULES = YES;
				CLANG_ENABLE_OBJC_ARC = YES;
				CLANG_ENABLE_OBJC_WEAK = YES;
				CLANG_WARN_BLOCK_CAPTURE_AUTORELEASING = YES;
				CLANG_WARN_BOOL_CONVERSION = YES;
				CLANG_WARN_COMMA = YES;
				CLANG_WARN_CONSTANT_CONVERSION = YES;
				CLANG_WARN_DEPRECATED_OBJC_IMPLEMENTATIONS = YES;
				CLANG_WARN_DIRECT_OBJC_ISA_USAGE = YES_ERROR;
				CLANG_WARN_DOCUMENTATION_COMMENTS = YES;
				CLANG_WARN_EMPTY_BODY = YES;
				CLANG_WARN_ENUM_CONVERSION = YES;
				CLANG_WARN_INFINITE_RECURSION = YES;
				CLANG_WARN_INT_CONVERSION = YES;
				CLANG_WARN_NON_LITERAL_NULL_CONVERSION = YES;
				CLANG_WARN_OBJC_IMPLICIT_RETAIN_SELF = YES;
				CLANG_WARN_OBJC_LITERAL_CONVERSION = YES;
				CLANG_WARN_OBJC_ROOT_CLASS = YES_ERROR;
				CLANG_WARN_QUOTED_INCLUDE_IN_FRAMEWORK_HEADER = YES;
				CLANG_WARN_RANGE_LOOP_ANALYSIS = YES;
				CLANG_WARN_STRICT_PROTOTYPES = YES;
				CLANG_WARN_SUSPICIOUS_MOVE = YES;
				CLANG_WARN_UNGUARDED_AVAILABILITY = YES_AGGRESSIVE;
				CLANG_WARN_UNREACHABLE_CODE = YES;
				CLANG_WARN__DUPLICATE_METHOD_MATCH = YES;
				CODE_SIGN_IDENTITY = "Mac Developer";
				COPY_PHASE_STRIP = YES;
				DEBUG_INFORMATION_FORMAT = "dwarf-with-dsym";
				ENABLE_NS_ASSERTIONS = YES;
				ENABLE_STRICT_OBJC_MSGSEND = YES;
				ENABLE_TESTABILITY = YES;
				GCC_C_LANGUAGE_STANDARD = "compiler-default";
				GCC_DYNAMIC_NO_PIC = YES;
				GCC_NO_COMMON_BLOCKS = YES;
				GCC_OPTIMIZATION_LEVEL = z;
				GCC_WARN_64_TO_32_BIT_CONVERSION = YES;
				GCC_WARN_ABOUT_RETURN_TYPE = YES_ERROR;
				GCC_WARN_UNDECLARED_SELECTOR = YES;
				GCC_WARN_UNINITIALIZED_AUTOS = YES_AGGRESSIVE;
				GCC_WARN_UNUSED_FUNCTION = YES;
				GCC_WARN_UNUSED_VARIABLE = YES;
				LLVM_LTO = YES_THIN;
				MACH_O_TYPE = mh_execute;
				MACOSX_DEPLOYMENT_TARGET = 11.0;
				MTL_ENABLE_DEBUG_INFO = NO;
				MTL_FAST_MATH = YES;
				ONLY_ACTIVE_ARCH = YES;
				OTHER_LDFLAGS = "-fsanitize=undefined";
				SDKROOT = macosx;
				SWIFT_COMPILATION_MODE = wholemodule;
				SWIFT_OPTIMIZATION_LEVEL = "-O";
			};
			name = Release;
		};
		A32E029B21ED7AD6000DB25F /* Debug */ = {
			isa = XCBuildConfiguration;
			baseConfigurationReference = 3322DD0E520F55C17C1B0485 /* Pods-Typyst.debug.xcconfig */;
			buildSettings = {
				ASSETCATALOG_COMPILER_APPICON_NAME = AppIcon;
				CLANG_USE_OPTIMIZATION_PROFILE = YES;
				CLANG_WARN_ASSIGN_ENUM = YES;
				CLANG_WARN_OBJC_REPEATED_USE_OF_WEAK = YES_AGGRESSIVE;
				CODE_SIGN_ENTITLEMENTS = Typyst/Typyst.entitlements;
				CODE_SIGN_IDENTITY = "Apple Development";
				CODE_SIGN_STYLE = Automatic;
				COMBINE_HIDPI_IMAGES = YES;
				DEVELOPMENT_TEAM = PK75CJKJVR;
				ENABLE_HARDENED_RUNTIME = YES;
				GCC_OPTIMIZATION_LEVEL = fast;
				INFOPLIST_FILE = Typyst/Info.plist;
				LD_RUNPATH_SEARCH_PATHS = (
					"$(inherited)",
					"@executable_path/../Frameworks",
				);
				LLVM_LTO = YES_THIN;
				MACOSX_DEPLOYMENT_TARGET = 11.0;
				PRODUCT_BUNDLE_IDENTIFIER = com.ssw.typyst;
				PRODUCT_NAME = "$(TARGET_NAME)";
				PROVISIONING_PROFILE_SPECIFIER = "";
				SWIFT_VERSION = 5.0;
			};
			name = Debug;
		};
		A32E029C21ED7AD6000DB25F /* Release */ = {
			isa = XCBuildConfiguration;
			baseConfigurationReference = 9F6A1EA2C2D8F29962F3118D /* Pods-Typyst.release.xcconfig */;
			buildSettings = {
				ASSETCATALOG_COMPILER_APPICON_NAME = AppIcon;
				CLANG_USE_OPTIMIZATION_PROFILE = YES;
				CLANG_WARN_ASSIGN_ENUM = YES;
				CLANG_WARN_OBJC_REPEATED_USE_OF_WEAK = YES_AGGRESSIVE;
				CODE_SIGN_ENTITLEMENTS = Typyst/Typyst.entitlements;
				CODE_SIGN_IDENTITY = "Apple Development";
				CODE_SIGN_STYLE = Automatic;
				COMBINE_HIDPI_IMAGES = YES;
				DEVELOPMENT_TEAM = PK75CJKJVR;
				ENABLE_HARDENED_RUNTIME = YES;
				GCC_OPTIMIZATION_LEVEL = fast;
				INFOPLIST_FILE = Typyst/Info.plist;
				LD_RUNPATH_SEARCH_PATHS = (
					"$(inherited)",
					"@executable_path/../Frameworks",
				);
				LLVM_LTO = YES_THIN;
				MACOSX_DEPLOYMENT_TARGET = 11.0;
				PRODUCT_BUNDLE_IDENTIFIER = com.ssw.typyst;
				PRODUCT_NAME = "$(TARGET_NAME)";
				PROVISIONING_PROFILE_SPECIFIER = "";
				SWIFT_VERSION = 5.0;
			};
			name = Release;
		};
		A32E029E21ED7AD6000DB25F /* Debug */ = {
			isa = XCBuildConfiguration;
			baseConfigurationReference = 5115E3EE4F09E3B2EC90C9B6 /* Pods-TypystTests.debug.xcconfig */;
			buildSettings = {
				ALWAYS_EMBED_SWIFT_STANDARD_LIBRARIES = YES;
				BUNDLE_LOADER = "$(TEST_HOST)";
				CODE_SIGN_IDENTITY = "-";
				CODE_SIGN_STYLE = Automatic;
				COMBINE_HIDPI_IMAGES = YES;
				DEVELOPMENT_TEAM = PK75CJKJVR;
				INFOPLIST_FILE = TypystTests/Info.plist;
				LD_RUNPATH_SEARCH_PATHS = (
					"$(inherited)",
					"@executable_path/../Frameworks",
					"@loader_path/../Frameworks",
				);
				PRODUCT_BUNDLE_IDENTIFIER = ssw.wickedPropeller.TypystTests;
				PRODUCT_NAME = "$(TARGET_NAME)";
				SWIFT_VERSION = 4.2;
				TEST_HOST = "$(BUILT_PRODUCTS_DIR)/Typyst.app/Contents/MacOS/Typyst";
			};
			name = Debug;
		};
		A32E029F21ED7AD6000DB25F /* Release */ = {
			isa = XCBuildConfiguration;
			baseConfigurationReference = FC0FA5177A310E2800BF87A0 /* Pods-TypystTests.release.xcconfig */;
			buildSettings = {
				ALWAYS_EMBED_SWIFT_STANDARD_LIBRARIES = YES;
				BUNDLE_LOADER = "$(TEST_HOST)";
				CODE_SIGN_IDENTITY = "-";
				CODE_SIGN_STYLE = Automatic;
				COMBINE_HIDPI_IMAGES = YES;
				DEVELOPMENT_TEAM = PK75CJKJVR;
				INFOPLIST_FILE = TypystTests/Info.plist;
				LD_RUNPATH_SEARCH_PATHS = (
					"$(inherited)",
					"@executable_path/../Frameworks",
					"@loader_path/../Frameworks",
				);
				PRODUCT_BUNDLE_IDENTIFIER = ssw.wickedPropeller.TypystTests;
				PRODUCT_NAME = "$(TARGET_NAME)";
				SWIFT_VERSION = 4.2;
				TEST_HOST = "$(BUILT_PRODUCTS_DIR)/Typyst.app/Contents/MacOS/Typyst";
			};
			name = Release;
		};
		A32E02A121ED7AD6000DB25F /* Debug */ = {
			isa = XCBuildConfiguration;
			baseConfigurationReference = 3040365D7D9AA6BAA0C90ED7 /* Pods-TypystUITests.debug.xcconfig */;
			buildSettings = {
				ALWAYS_EMBED_SWIFT_STANDARD_LIBRARIES = YES;
				CODE_SIGN_IDENTITY = "-";
				CODE_SIGN_STYLE = Automatic;
				COMBINE_HIDPI_IMAGES = YES;
				DEVELOPMENT_TEAM = PK75CJKJVR;
				INFOPLIST_FILE = TypystUITests/Info.plist;
				LD_RUNPATH_SEARCH_PATHS = (
					"$(inherited)",
					"@executable_path/../Frameworks",
					"@loader_path/../Frameworks",
				);
				PRODUCT_BUNDLE_IDENTIFIER = ssw.wickedPropeller.TypystUITests;
				PRODUCT_NAME = "$(TARGET_NAME)";
				SWIFT_VERSION = 4.2;
				TEST_TARGET_NAME = Typyst;
			};
			name = Debug;
		};
		A32E02A221ED7AD6000DB25F /* Release */ = {
			isa = XCBuildConfiguration;
			baseConfigurationReference = 2070F2D4CCB71F1F678CB35C /* Pods-TypystUITests.release.xcconfig */;
			buildSettings = {
				ALWAYS_EMBED_SWIFT_STANDARD_LIBRARIES = YES;
				CODE_SIGN_IDENTITY = "-";
				CODE_SIGN_STYLE = Automatic;
				COMBINE_HIDPI_IMAGES = YES;
				DEVELOPMENT_TEAM = PK75CJKJVR;
				INFOPLIST_FILE = TypystUITests/Info.plist;
				LD_RUNPATH_SEARCH_PATHS = (
					"$(inherited)",
					"@executable_path/../Frameworks",
					"@loader_path/../Frameworks",
				);
				PRODUCT_BUNDLE_IDENTIFIER = ssw.wickedPropeller.TypystUITests;
				PRODUCT_NAME = "$(TARGET_NAME)";
				SWIFT_VERSION = 4.2;
				TEST_TARGET_NAME = Typyst;
			};
			name = Release;
		};
/* End XCBuildConfiguration section */

/* Begin XCConfigurationList section */
		A32E026C21ED7AD4000DB25F /* Build configuration list for PBXProject "Typyst" */ = {
			isa = XCConfigurationList;
			buildConfigurations = (
				A32E029821ED7AD6000DB25F /* Debug */,
				A32E029921ED7AD6000DB25F /* Release */,
			);
			defaultConfigurationIsVisible = 0;
			defaultConfigurationName = Release;
		};
		A32E029A21ED7AD6000DB25F /* Build configuration list for PBXNativeTarget "Typyst" */ = {
			isa = XCConfigurationList;
			buildConfigurations = (
				A32E029B21ED7AD6000DB25F /* Debug */,
				A32E029C21ED7AD6000DB25F /* Release */,
			);
			defaultConfigurationIsVisible = 0;
			defaultConfigurationName = Release;
		};
		A32E029D21ED7AD6000DB25F /* Build configuration list for PBXNativeTarget "TypystTests" */ = {
			isa = XCConfigurationList;
			buildConfigurations = (
				A32E029E21ED7AD6000DB25F /* Debug */,
				A32E029F21ED7AD6000DB25F /* Release */,
			);
			defaultConfigurationIsVisible = 0;
			defaultConfigurationName = Release;
		};
		A32E02A021ED7AD6000DB25F /* Build configuration list for PBXNativeTarget "TypystUITests" */ = {
			isa = XCConfigurationList;
			buildConfigurations = (
				A32E02A121ED7AD6000DB25F /* Debug */,
				A32E02A221ED7AD6000DB25F /* Release */,
			);
			defaultConfigurationIsVisible = 0;
			defaultConfigurationName = Release;
		};
/* End XCConfigurationList section */
	};
	rootObject = A32E026921ED7AD4000DB25F /* Project object */;
}
